// !$*UTF8*$!
{
	archiveVersion = 1;
	classes = {
	};
	objectVersion = 46;
	objects = {

/* Begin PBXBuildFile section */
		DA683C69149FC604000477AF /* libRestKit.a in Frameworks */ = {isa = PBXBuildFile; fileRef = DA683C5C149FC501000477AF /* libRestKit.a */; };
		DA683C6B149FC627000477AF /* CFNetwork.framework in Frameworks */ = {isa = PBXBuildFile; fileRef = DA683C6A149FC627000477AF /* CFNetwork.framework */; };
		DA683C6D149FC634000477AF /* MobileCoreServices.framework in Frameworks */ = {isa = PBXBuildFile; fileRef = DA683C6C149FC634000477AF /* MobileCoreServices.framework */; };
		DA683C6F149FC63B000477AF /* Security.framework in Frameworks */ = {isa = PBXBuildFile; fileRef = DA683C6E149FC63B000477AF /* Security.framework */; };
		DA683C71149FC657000477AF /* SystemConfiguration.framework in Frameworks */ = {isa = PBXBuildFile; fileRef = DA683C70149FC657000477AF /* SystemConfiguration.framework */; };
		DA683C73149FC660000477AF /* libxml2.dylib in Frameworks */ = {isa = PBXBuildFile; fileRef = DA683C72149FC660000477AF /* libxml2.dylib */; };
		DA683C7B149FDA7E000477AF /* BWRepositoryTableCell.m in Sources */ = {isa = PBXBuildFile; fileRef = DA683C7A149FDA7E000477AF /* BWRepositoryTableCell.m */; };
		DA683C7D149FDC4F000477AF /* BWRepositoryTableCell.xib in Resources */ = {isa = PBXBuildFile; fileRef = DA683C7C149FDC4F000477AF /* BWRepositoryTableCell.xib */; };
		DA683C82149FE2E8000477AF /* status_green.png in Resources */ = {isa = PBXBuildFile; fileRef = DA683C7F149FE2E8000477AF /* status_green.png */; };
		DA683C83149FE2E8000477AF /* status_red.png in Resources */ = {isa = PBXBuildFile; fileRef = DA683C80149FE2E8000477AF /* status_red.png */; };
		DA683C84149FE2E8000477AF /* status_yellow.png in Resources */ = {isa = PBXBuildFile; fileRef = DA683C81149FE2E8000477AF /* status_yellow.png */; };
		DA683C87149FEBD8000477AF /* Repository.m in Sources */ = {isa = PBXBuildFile; fileRef = DA683C86149FEBD8000477AF /* Repository.m */; };
		DA966D00149FAC3900C229CB /* UIKit.framework in Frameworks */ = {isa = PBXBuildFile; fileRef = DA966CFF149FAC3900C229CB /* UIKit.framework */; };
		DA966D02149FAC3900C229CB /* Foundation.framework in Frameworks */ = {isa = PBXBuildFile; fileRef = DA966D01149FAC3900C229CB /* Foundation.framework */; };
		DA966D04149FAC3900C229CB /* CoreGraphics.framework in Frameworks */ = {isa = PBXBuildFile; fileRef = DA966D03149FAC3900C229CB /* CoreGraphics.framework */; };
		DA966D06149FAC3900C229CB /* CoreData.framework in Frameworks */ = {isa = PBXBuildFile; fileRef = DA966D05149FAC3900C229CB /* CoreData.framework */; };
		DA966D0C149FAC3900C229CB /* InfoPlist.strings in Resources */ = {isa = PBXBuildFile; fileRef = DA966D0A149FAC3900C229CB /* InfoPlist.strings */; };
		DA966D0E149FAC3900C229CB /* main.m in Sources */ = {isa = PBXBuildFile; fileRef = DA966D0D149FAC3900C229CB /* main.m */; };
		DA966D12149FAC3900C229CB /* BWAppDelegate.m in Sources */ = {isa = PBXBuildFile; fileRef = DA966D11149FAC3900C229CB /* BWAppDelegate.m */; };
		DA966D15149FAC3900C229CB /* MainStoryboard_iPhone.storyboard in Resources */ = {isa = PBXBuildFile; fileRef = DA966D13149FAC3900C229CB /* MainStoryboard_iPhone.storyboard */; };
		DA966D18149FAC3900C229CB /* MainStoryboard_iPad.storyboard in Resources */ = {isa = PBXBuildFile; fileRef = DA966D16149FAC3900C229CB /* MainStoryboard_iPad.storyboard */; };
		DA966D1B149FAC3900C229CB /* TravisCI.xcdatamodeld in Sources */ = {isa = PBXBuildFile; fileRef = DA966D19149FAC3900C229CB /* TravisCI.xcdatamodeld */; };
		DA966D1E149FAC3900C229CB /* BWRepositoryListViewController.m in Sources */ = {isa = PBXBuildFile; fileRef = DA966D1D149FAC3900C229CB /* BWRepositoryListViewController.m */; };
		DA966D21149FAC3900C229CB /* BWRepositoryViewController.m in Sources */ = {isa = PBXBuildFile; fileRef = DA966D20149FAC3900C229CB /* BWRepositoryViewController.m */; };
		DA966D29149FAC3900C229CB /* SenTestingKit.framework in Frameworks */ = {isa = PBXBuildFile; fileRef = DA966D28149FAC3900C229CB /* SenTestingKit.framework */; };
		DA966D2A149FAC3900C229CB /* UIKit.framework in Frameworks */ = {isa = PBXBuildFile; fileRef = DA966CFF149FAC3900C229CB /* UIKit.framework */; };
		DA966D2B149FAC3900C229CB /* Foundation.framework in Frameworks */ = {isa = PBXBuildFile; fileRef = DA966D01149FAC3900C229CB /* Foundation.framework */; };
		DA966D2C149FAC3900C229CB /* CoreData.framework in Frameworks */ = {isa = PBXBuildFile; fileRef = DA966D05149FAC3900C229CB /* CoreData.framework */; };
		DA966D34149FAC3900C229CB /* InfoPlist.strings in Resources */ = {isa = PBXBuildFile; fileRef = DA966D32149FAC3900C229CB /* InfoPlist.strings */; };
		DA966D37149FAC3900C229CB /* TravisCITests.m in Sources */ = {isa = PBXBuildFile; fileRef = DA966D36149FAC3900C229CB /* TravisCITests.m */; };
/* End PBXBuildFile section */

/* Begin PBXContainerItemProxy section */
		DA683C5B149FC501000477AF /* PBXContainerItemProxy */ = {
			isa = PBXContainerItemProxy;
			containerPortal = DA683C51149FC500000477AF /* RestKit.xcodeproj */;
			proxyType = 2;
			remoteGlobalIDString = 25160D1614564E810060A5C5;
			remoteInfo = RestKit;
		};
		DA683C5D149FC501000477AF /* PBXContainerItemProxy */ = {
			isa = PBXContainerItemProxy;
			containerPortal = DA683C51149FC500000477AF /* RestKit.xcodeproj */;
			proxyType = 2;
			remoteGlobalIDString = 25160D2614564E820060A5C5;
			remoteInfo = RestKitTests;
		};
		DA683C5F149FC501000477AF /* PBXContainerItemProxy */ = {
			isa = PBXContainerItemProxy;
			containerPortal = DA683C51149FC500000477AF /* RestKit.xcodeproj */;
			proxyType = 2;
			remoteGlobalIDString = 25160E62145651060060A5C5;
			remoteInfo = RestKitFramework;
		};
		DA683C61149FC501000477AF /* PBXContainerItemProxy */ = {
			isa = PBXContainerItemProxy;
			containerPortal = DA683C51149FC500000477AF /* RestKit.xcodeproj */;
			proxyType = 2;
			remoteGlobalIDString = 25160E78145651060060A5C5;
			remoteInfo = RestKitFrameworkTests;
		};
		DA683C67149FC5F2000477AF /* PBXContainerItemProxy */ = {
			isa = PBXContainerItemProxy;
			containerPortal = DA683C51149FC500000477AF /* RestKit.xcodeproj */;
			proxyType = 1;
			remoteGlobalIDString = 25160D1514564E810060A5C5;
			remoteInfo = RestKit;
		};
		DA966D2D149FAC3900C229CB /* PBXContainerItemProxy */ = {
			isa = PBXContainerItemProxy;
			containerPortal = DA966CF2149FAC3900C229CB /* Project object */;
			proxyType = 1;
			remoteGlobalIDString = DA966CFA149FAC3900C229CB;
			remoteInfo = TravisCI;
		};
/* End PBXContainerItemProxy section */

/* Begin PBXFileReference section */
		DA683C51149FC500000477AF /* RestKit.xcodeproj */ = {isa = PBXFileReference; lastKnownFileType = "wrapper.pb-project"; name = RestKit.xcodeproj; path = RestKit/RestKit.xcodeproj; sourceTree = "<group>"; };
		DA683C6A149FC627000477AF /* CFNetwork.framework */ = {isa = PBXFileReference; lastKnownFileType = wrapper.framework; name = CFNetwork.framework; path = System/Library/Frameworks/CFNetwork.framework; sourceTree = SDKROOT; };
		DA683C6C149FC634000477AF /* MobileCoreServices.framework */ = {isa = PBXFileReference; lastKnownFileType = wrapper.framework; name = MobileCoreServices.framework; path = System/Library/Frameworks/MobileCoreServices.framework; sourceTree = SDKROOT; };
		DA683C6E149FC63B000477AF /* Security.framework */ = {isa = PBXFileReference; lastKnownFileType = wrapper.framework; name = Security.framework; path = System/Library/Frameworks/Security.framework; sourceTree = SDKROOT; };
		DA683C70149FC657000477AF /* SystemConfiguration.framework */ = {isa = PBXFileReference; lastKnownFileType = wrapper.framework; name = SystemConfiguration.framework; path = System/Library/Frameworks/SystemConfiguration.framework; sourceTree = SDKROOT; };
		DA683C72149FC660000477AF /* libxml2.dylib */ = {isa = PBXFileReference; lastKnownFileType = "compiled.mach-o.dylib"; name = libxml2.dylib; path = usr/lib/libxml2.dylib; sourceTree = SDKROOT; };
		DA683C79149FDA7E000477AF /* BWRepositoryTableCell.h */ = {isa = PBXFileReference; fileEncoding = 4; lastKnownFileType = sourcecode.c.h; path = BWRepositoryTableCell.h; sourceTree = "<group>"; };
		DA683C7A149FDA7E000477AF /* BWRepositoryTableCell.m */ = {isa = PBXFileReference; fileEncoding = 4; lastKnownFileType = sourcecode.c.objc; path = BWRepositoryTableCell.m; sourceTree = "<group>"; };
		DA683C7C149FDC4F000477AF /* BWRepositoryTableCell.xib */ = {isa = PBXFileReference; fileEncoding = 4; lastKnownFileType = file.xib; path = BWRepositoryTableCell.xib; sourceTree = "<group>"; };
		DA683C7F149FE2E8000477AF /* status_green.png */ = {isa = PBXFileReference; lastKnownFileType = image.png; path = status_green.png; sourceTree = "<group>"; };
		DA683C80149FE2E8000477AF /* status_red.png */ = {isa = PBXFileReference; lastKnownFileType = image.png; path = status_red.png; sourceTree = "<group>"; };
		DA683C81149FE2E8000477AF /* status_yellow.png */ = {isa = PBXFileReference; lastKnownFileType = image.png; path = status_yellow.png; sourceTree = "<group>"; };
		DA683C85149FEBD8000477AF /* Repository.h */ = {isa = PBXFileReference; fileEncoding = 4; lastKnownFileType = sourcecode.c.h; path = Repository.h; sourceTree = "<group>"; };
		DA683C86149FEBD8000477AF /* Repository.m */ = {isa = PBXFileReference; fileEncoding = 4; lastKnownFileType = sourcecode.c.objc; path = Repository.m; sourceTree = "<group>"; };
		DA966CFB149FAC3900C229CB /* TravisCI.app */ = {isa = PBXFileReference; explicitFileType = wrapper.application; includeInIndex = 0; path = TravisCI.app; sourceTree = BUILT_PRODUCTS_DIR; };
		DA966CFF149FAC3900C229CB /* UIKit.framework */ = {isa = PBXFileReference; lastKnownFileType = wrapper.framework; name = UIKit.framework; path = System/Library/Frameworks/UIKit.framework; sourceTree = SDKROOT; };
		DA966D01149FAC3900C229CB /* Foundation.framework */ = {isa = PBXFileReference; lastKnownFileType = wrapper.framework; name = Foundation.framework; path = System/Library/Frameworks/Foundation.framework; sourceTree = SDKROOT; };
		DA966D03149FAC3900C229CB /* CoreGraphics.framework */ = {isa = PBXFileReference; lastKnownFileType = wrapper.framework; name = CoreGraphics.framework; path = System/Library/Frameworks/CoreGraphics.framework; sourceTree = SDKROOT; };
		DA966D05149FAC3900C229CB /* CoreData.framework */ = {isa = PBXFileReference; lastKnownFileType = wrapper.framework; name = CoreData.framework; path = System/Library/Frameworks/CoreData.framework; sourceTree = SDKROOT; };
		DA966D09149FAC3900C229CB /* TravisCI-Info.plist */ = {isa = PBXFileReference; lastKnownFileType = text.plist.xml; path = "TravisCI-Info.plist"; sourceTree = "<group>"; };
		DA966D0B149FAC3900C229CB /* en */ = {isa = PBXFileReference; lastKnownFileType = text.plist.strings; name = en; path = en.lproj/InfoPlist.strings; sourceTree = "<group>"; };
		DA966D0D149FAC3900C229CB /* main.m */ = {isa = PBXFileReference; lastKnownFileType = sourcecode.c.objc; path = main.m; sourceTree = "<group>"; };
		DA966D0F149FAC3900C229CB /* TravisCI-Prefix.pch */ = {isa = PBXFileReference; lastKnownFileType = sourcecode.c.h; path = "TravisCI-Prefix.pch"; sourceTree = "<group>"; };
		DA966D10149FAC3900C229CB /* BWAppDelegate.h */ = {isa = PBXFileReference; lastKnownFileType = sourcecode.c.h; path = BWAppDelegate.h; sourceTree = "<group>"; };
		DA966D11149FAC3900C229CB /* BWAppDelegate.m */ = {isa = PBXFileReference; lastKnownFileType = sourcecode.c.objc; path = BWAppDelegate.m; sourceTree = "<group>"; };
		DA966D14149FAC3900C229CB /* en */ = {isa = PBXFileReference; lastKnownFileType = file.storyboard; name = en; path = en.lproj/MainStoryboard_iPhone.storyboard; sourceTree = "<group>"; };
		DA966D17149FAC3900C229CB /* en */ = {isa = PBXFileReference; lastKnownFileType = file.storyboard; name = en; path = en.lproj/MainStoryboard_iPad.storyboard; sourceTree = "<group>"; };
		DA966D1A149FAC3900C229CB /* TravisCI.xcdatamodel */ = {isa = PBXFileReference; lastKnownFileType = wrapper.xcdatamodel; path = TravisCI.xcdatamodel; sourceTree = "<group>"; };
		DA966D1C149FAC3900C229CB /* BWRepositoryListViewController.h */ = {isa = PBXFileReference; lastKnownFileType = sourcecode.c.h; path = BWRepositoryListViewController.h; sourceTree = "<group>"; };
		DA966D1D149FAC3900C229CB /* BWRepositoryListViewController.m */ = {isa = PBXFileReference; lastKnownFileType = sourcecode.c.objc; path = BWRepositoryListViewController.m; sourceTree = "<group>"; };
		DA966D1F149FAC3900C229CB /* BWRepositoryViewController.h */ = {isa = PBXFileReference; lastKnownFileType = sourcecode.c.h; path = BWRepositoryViewController.h; sourceTree = "<group>"; };
		DA966D20149FAC3900C229CB /* BWRepositoryViewController.m */ = {isa = PBXFileReference; lastKnownFileType = sourcecode.c.objc; path = BWRepositoryViewController.m; sourceTree = "<group>"; };
		DA966D27149FAC3900C229CB /* TravisCITests.octest */ = {isa = PBXFileReference; explicitFileType = wrapper.cfbundle; includeInIndex = 0; path = TravisCITests.octest; sourceTree = BUILT_PRODUCTS_DIR; };
		DA966D28149FAC3900C229CB /* SenTestingKit.framework */ = {isa = PBXFileReference; lastKnownFileType = wrapper.framework; name = SenTestingKit.framework; path = Library/Frameworks/SenTestingKit.framework; sourceTree = DEVELOPER_DIR; };
		DA966D31149FAC3900C229CB /* TravisCITests-Info.plist */ = {isa = PBXFileReference; lastKnownFileType = text.plist.xml; path = "TravisCITests-Info.plist"; sourceTree = "<group>"; };
		DA966D33149FAC3900C229CB /* en */ = {isa = PBXFileReference; lastKnownFileType = text.plist.strings; name = en; path = en.lproj/InfoPlist.strings; sourceTree = "<group>"; };
		DA966D35149FAC3900C229CB /* TravisCITests.h */ = {isa = PBXFileReference; lastKnownFileType = sourcecode.c.h; path = TravisCITests.h; sourceTree = "<group>"; };
		DA966D36149FAC3900C229CB /* TravisCITests.m */ = {isa = PBXFileReference; lastKnownFileType = sourcecode.c.objc; path = TravisCITests.m; sourceTree = "<group>"; };
/* End PBXFileReference section */

/* Begin PBXFrameworksBuildPhase section */
		DA966CF8149FAC3900C229CB /* Frameworks */ = {
			isa = PBXFrameworksBuildPhase;
			buildActionMask = 2147483647;
			files = (
				DA683C73149FC660000477AF /* libxml2.dylib in Frameworks */,
				DA683C71149FC657000477AF /* SystemConfiguration.framework in Frameworks */,
				DA683C6F149FC63B000477AF /* Security.framework in Frameworks */,
				DA683C6D149FC634000477AF /* MobileCoreServices.framework in Frameworks */,
				DA683C6B149FC627000477AF /* CFNetwork.framework in Frameworks */,
				DA683C69149FC604000477AF /* libRestKit.a in Frameworks */,
				DA966D00149FAC3900C229CB /* UIKit.framework in Frameworks */,
				DA966D02149FAC3900C229CB /* Foundation.framework in Frameworks */,
				DA966D04149FAC3900C229CB /* CoreGraphics.framework in Frameworks */,
				DA966D06149FAC3900C229CB /* CoreData.framework in Frameworks */,
			);
			runOnlyForDeploymentPostprocessing = 0;
		};
		DA966D23149FAC3900C229CB /* Frameworks */ = {
			isa = PBXFrameworksBuildPhase;
			buildActionMask = 2147483647;
			files = (
				DA966D29149FAC3900C229CB /* SenTestingKit.framework in Frameworks */,
				DA966D2A149FAC3900C229CB /* UIKit.framework in Frameworks */,
				DA966D2B149FAC3900C229CB /* Foundation.framework in Frameworks */,
				DA966D2C149FAC3900C229CB /* CoreData.framework in Frameworks */,
			);
			runOnlyForDeploymentPostprocessing = 0;
		};
/* End PBXFrameworksBuildPhase section */

/* Begin PBXGroup section */
		DA683C52149FC500000477AF /* Products */ = {
			isa = PBXGroup;
			children = (
				DA683C5C149FC501000477AF /* libRestKit.a */,
				DA683C5E149FC501000477AF /* RestKitTests.octest */,
				DA683C60149FC501000477AF /* RestKit.framework */,
				DA683C62149FC501000477AF /* RestKitFrameworkTests.octest */,
			);
			name = Products;
			sourceTree = "<group>";
		};
		DA683C66149FC520000477AF /* Vendor */ = {
			isa = PBXGroup;
			children = (
				DA683C51149FC500000477AF /* RestKit.xcodeproj */,
			);
			name = Vendor;
			sourceTree = "<group>";
		};
		DA683C7E149FE2A3000477AF /* images */ = {
			isa = PBXGroup;
			children = (
				DA683C7F149FE2E8000477AF /* status_green.png */,
				DA683C80149FE2E8000477AF /* status_red.png */,
				DA683C81149FE2E8000477AF /* status_yellow.png */,
			);
			name = images;
			sourceTree = "<group>";
		};
		DA683C88149FEBE1000477AF /* Models */ = {
			isa = PBXGroup;
			children = (
				DA966D19149FAC3900C229CB /* TravisCI.xcdatamodeld */,
				DA683C85149FEBD8000477AF /* Repository.h */,
				DA683C86149FEBD8000477AF /* Repository.m */,
			);
			name = Models;
			sourceTree = "<group>";
		};
		DA966CF0149FAC3900C229CB = {
			isa = PBXGroup;
			children = (
				DA966D07149FAC3900C229CB /* TravisCI */,
				DA966D2F149FAC3900C229CB /* TravisCITests */,
				DA966CFE149FAC3900C229CB /* Frameworks */,
				DA966CFC149FAC3900C229CB /* Products */,
				DA683C66149FC520000477AF /* Vendor */,
			);
			sourceTree = "<group>";
		};
		DA966CFC149FAC3900C229CB /* Products */ = {
			isa = PBXGroup;
			children = (
				DA966CFB149FAC3900C229CB /* TravisCI.app */,
				DA966D27149FAC3900C229CB /* TravisCITests.octest */,
			);
			name = Products;
			sourceTree = "<group>";
		};
		DA966CFE149FAC3900C229CB /* Frameworks */ = {
			isa = PBXGroup;
			children = (
				DA683C72149FC660000477AF /* libxml2.dylib */,
				DA683C70149FC657000477AF /* SystemConfiguration.framework */,
				DA683C6E149FC63B000477AF /* Security.framework */,
				DA683C6C149FC634000477AF /* MobileCoreServices.framework */,
				DA683C6A149FC627000477AF /* CFNetwork.framework */,
				DA966CFF149FAC3900C229CB /* UIKit.framework */,
				DA966D01149FAC3900C229CB /* Foundation.framework */,
				DA966D03149FAC3900C229CB /* CoreGraphics.framework */,
				DA966D05149FAC3900C229CB /* CoreData.framework */,
				DA966D28149FAC3900C229CB /* SenTestingKit.framework */,
			);
			name = Frameworks;
			sourceTree = "<group>";
		};
		DA966D07149FAC3900C229CB /* TravisCI */ = {
			isa = PBXGroup;
			children = (
				DA966D10149FAC3900C229CB /* BWAppDelegate.h */,
				DA966D11149FAC3900C229CB /* BWAppDelegate.m */,
				DA966D13149FAC3900C229CB /* MainStoryboard_iPhone.storyboard */,
				DA966D16149FAC3900C229CB /* MainStoryboard_iPad.storyboard */,
				DA966D1C149FAC3900C229CB /* BWRepositoryListViewController.h */,
				DA966D1D149FAC3900C229CB /* BWRepositoryListViewController.m */,
				DA966D1F149FAC3900C229CB /* BWRepositoryViewController.h */,
				DA966D20149FAC3900C229CB /* BWRepositoryViewController.m */,
				DA683C88149FEBE1000477AF /* Models */,
				DA966D08149FAC3900C229CB /* Supporting Files */,
				DA683C79149FDA7E000477AF /* BWRepositoryTableCell.h */,
				DA683C7A149FDA7E000477AF /* BWRepositoryTableCell.m */,
				DA683C7C149FDC4F000477AF /* BWRepositoryTableCell.xib */,
			);
			path = TravisCI;
			sourceTree = "<group>";
		};
		DA966D08149FAC3900C229CB /* Supporting Files */ = {
			isa = PBXGroup;
			children = (
				DA683C7E149FE2A3000477AF /* images */,
				DA966D09149FAC3900C229CB /* TravisCI-Info.plist */,
				DA966D0A149FAC3900C229CB /* InfoPlist.strings */,
				DA966D0D149FAC3900C229CB /* main.m */,
				DA966D0F149FAC3900C229CB /* TravisCI-Prefix.pch */,
			);
			name = "Supporting Files";
			sourceTree = "<group>";
		};
		DA966D2F149FAC3900C229CB /* TravisCITests */ = {
			isa = PBXGroup;
			children = (
				DA966D35149FAC3900C229CB /* TravisCITests.h */,
				DA966D36149FAC3900C229CB /* TravisCITests.m */,
				DA966D30149FAC3900C229CB /* Supporting Files */,
			);
			path = TravisCITests;
			sourceTree = "<group>";
		};
		DA966D30149FAC3900C229CB /* Supporting Files */ = {
			isa = PBXGroup;
			children = (
				DA966D31149FAC3900C229CB /* TravisCITests-Info.plist */,
				DA966D32149FAC3900C229CB /* InfoPlist.strings */,
			);
			name = "Supporting Files";
			sourceTree = "<group>";
		};
/* End PBXGroup section */

/* Begin PBXNativeTarget section */
		DA966CFA149FAC3900C229CB /* TravisCI */ = {
			isa = PBXNativeTarget;
			buildConfigurationList = DA966D3A149FAC3900C229CB /* Build configuration list for PBXNativeTarget "TravisCI" */;
			buildPhases = (
				DA966CF7149FAC3900C229CB /* Sources */,
				DA966CF8149FAC3900C229CB /* Frameworks */,
				DA966CF9149FAC3900C229CB /* Resources */,
			);
			buildRules = (
			);
			dependencies = (
				DA683C68149FC5F2000477AF /* PBXTargetDependency */,
			);
			name = TravisCI;
			productName = TravisCI;
			productReference = DA966CFB149FAC3900C229CB /* TravisCI.app */;
			productType = "com.apple.product-type.application";
		};
		DA966D26149FAC3900C229CB /* TravisCITests */ = {
			isa = PBXNativeTarget;
			buildConfigurationList = DA966D3D149FAC3900C229CB /* Build configuration list for PBXNativeTarget "TravisCITests" */;
			buildPhases = (
				DA966D22149FAC3900C229CB /* Sources */,
				DA966D23149FAC3900C229CB /* Frameworks */,
				DA966D24149FAC3900C229CB /* Resources */,
				DA966D25149FAC3900C229CB /* ShellScript */,
			);
			buildRules = (
			);
			dependencies = (
				DA966D2E149FAC3900C229CB /* PBXTargetDependency */,
			);
			name = TravisCITests;
			productName = TravisCITests;
			productReference = DA966D27149FAC3900C229CB /* TravisCITests.octest */;
			productType = "com.apple.product-type.bundle";
		};
/* End PBXNativeTarget section */

/* Begin PBXProject section */
		DA966CF2149FAC3900C229CB /* Project object */ = {
			isa = PBXProject;
			attributes = {
				LastUpgradeCheck = 0420;
				ORGANIZATIONNAME = Bendyworks;
			};
			buildConfigurationList = DA966CF5149FAC3900C229CB /* Build configuration list for PBXProject "TravisCI" */;
			compatibilityVersion = "Xcode 3.2";
			developmentRegion = English;
			hasScannedForEncodings = 0;
			knownRegions = (
				en,
			);
			mainGroup = DA966CF0149FAC3900C229CB;
			productRefGroup = DA966CFC149FAC3900C229CB /* Products */;
			projectDirPath = "";
			projectReferences = (
				{
					ProductGroup = DA683C52149FC500000477AF /* Products */;
					ProjectRef = DA683C51149FC500000477AF /* RestKit.xcodeproj */;
				},
			);
			projectRoot = "";
			targets = (
				DA966CFA149FAC3900C229CB /* TravisCI */,
				DA966D26149FAC3900C229CB /* TravisCITests */,
			);
		};
/* End PBXProject section */

/* Begin PBXReferenceProxy section */
		DA683C5C149FC501000477AF /* libRestKit.a */ = {
			isa = PBXReferenceProxy;
			fileType = archive.ar;
			path = libRestKit.a;
			remoteRef = DA683C5B149FC501000477AF /* PBXContainerItemProxy */;
			sourceTree = BUILT_PRODUCTS_DIR;
		};
		DA683C5E149FC501000477AF /* RestKitTests.octest */ = {
			isa = PBXReferenceProxy;
			fileType = wrapper.cfbundle;
			path = RestKitTests.octest;
			remoteRef = DA683C5D149FC501000477AF /* PBXContainerItemProxy */;
			sourceTree = BUILT_PRODUCTS_DIR;
		};
		DA683C60149FC501000477AF /* RestKit.framework */ = {
			isa = PBXReferenceProxy;
			fileType = wrapper.framework;
			path = RestKit.framework;
			remoteRef = DA683C5F149FC501000477AF /* PBXContainerItemProxy */;
			sourceTree = BUILT_PRODUCTS_DIR;
		};
		DA683C62149FC501000477AF /* RestKitFrameworkTests.octest */ = {
			isa = PBXReferenceProxy;
			fileType = wrapper.cfbundle;
			path = RestKitFrameworkTests.octest;
			remoteRef = DA683C61149FC501000477AF /* PBXContainerItemProxy */;
			sourceTree = BUILT_PRODUCTS_DIR;
		};
/* End PBXReferenceProxy section */

/* Begin PBXResourcesBuildPhase section */
		DA966CF9149FAC3900C229CB /* Resources */ = {
			isa = PBXResourcesBuildPhase;
			buildActionMask = 2147483647;
			files = (
				DA966D0C149FAC3900C229CB /* InfoPlist.strings in Resources */,
				DA966D15149FAC3900C229CB /* MainStoryboard_iPhone.storyboard in Resources */,
				DA966D18149FAC3900C229CB /* MainStoryboard_iPad.storyboard in Resources */,
				DA683C7D149FDC4F000477AF /* BWRepositoryTableCell.xib in Resources */,
				DA683C82149FE2E8000477AF /* status_green.png in Resources */,
				DA683C83149FE2E8000477AF /* status_red.png in Resources */,
				DA683C84149FE2E8000477AF /* status_yellow.png in Resources */,
			);
			runOnlyForDeploymentPostprocessing = 0;
		};
		DA966D24149FAC3900C229CB /* Resources */ = {
			isa = PBXResourcesBuildPhase;
			buildActionMask = 2147483647;
			files = (
				DA966D34149FAC3900C229CB /* InfoPlist.strings in Resources */,
			);
			runOnlyForDeploymentPostprocessing = 0;
		};
/* End PBXResourcesBuildPhase section */

/* Begin PBXShellScriptBuildPhase section */
		DA966D25149FAC3900C229CB /* ShellScript */ = {
			isa = PBXShellScriptBuildPhase;
			buildActionMask = 2147483647;
			files = (
			);
			inputPaths = (
			);
			outputPaths = (
			);
			runOnlyForDeploymentPostprocessing = 0;
			shellPath = /bin/sh;
			shellScript = "# Run the unit tests in this test bundle.\n\"${SYSTEM_DEVELOPER_DIR}/Tools/RunUnitTests\"\n";
		};
/* End PBXShellScriptBuildPhase section */

/* Begin PBXSourcesBuildPhase section */
		DA966CF7149FAC3900C229CB /* Sources */ = {
			isa = PBXSourcesBuildPhase;
			buildActionMask = 2147483647;
			files = (
				DA966D0E149FAC3900C229CB /* main.m in Sources */,
				DA966D12149FAC3900C229CB /* BWAppDelegate.m in Sources */,
				DA966D1B149FAC3900C229CB /* TravisCI.xcdatamodeld in Sources */,
				DA966D1E149FAC3900C229CB /* BWRepositoryListViewController.m in Sources */,
				DA966D21149FAC3900C229CB /* BWRepositoryViewController.m in Sources */,
				DA683C7B149FDA7E000477AF /* BWRepositoryTableCell.m in Sources */,
				DA683C87149FEBD8000477AF /* Repository.m in Sources */,
			);
			runOnlyForDeploymentPostprocessing = 0;
		};
		DA966D22149FAC3900C229CB /* Sources */ = {
			isa = PBXSourcesBuildPhase;
			buildActionMask = 2147483647;
			files = (
				DA966D37149FAC3900C229CB /* TravisCITests.m in Sources */,
			);
			runOnlyForDeploymentPostprocessing = 0;
		};
/* End PBXSourcesBuildPhase section */

/* Begin PBXTargetDependency section */
		DA683C68149FC5F2000477AF /* PBXTargetDependency */ = {
			isa = PBXTargetDependency;
			name = RestKit;
			targetProxy = DA683C67149FC5F2000477AF /* PBXContainerItemProxy */;
		};
		DA966D2E149FAC3900C229CB /* PBXTargetDependency */ = {
			isa = PBXTargetDependency;
			target = DA966CFA149FAC3900C229CB /* TravisCI */;
			targetProxy = DA966D2D149FAC3900C229CB /* PBXContainerItemProxy */;
		};
/* End PBXTargetDependency section */

/* Begin PBXVariantGroup section */
		DA966D0A149FAC3900C229CB /* InfoPlist.strings */ = {
			isa = PBXVariantGroup;
			children = (
				DA966D0B149FAC3900C229CB /* en */,
			);
			name = InfoPlist.strings;
			sourceTree = "<group>";
		};
		DA966D13149FAC3900C229CB /* MainStoryboard_iPhone.storyboard */ = {
			isa = PBXVariantGroup;
			children = (
				DA966D14149FAC3900C229CB /* en */,
			);
			name = MainStoryboard_iPhone.storyboard;
			sourceTree = "<group>";
		};
		DA966D16149FAC3900C229CB /* MainStoryboard_iPad.storyboard */ = {
			isa = PBXVariantGroup;
			children = (
				DA966D17149FAC3900C229CB /* en */,
			);
			name = MainStoryboard_iPad.storyboard;
			sourceTree = "<group>";
		};
		DA966D32149FAC3900C229CB /* InfoPlist.strings */ = {
			isa = PBXVariantGroup;
			children = (
				DA966D33149FAC3900C229CB /* en */,
			);
			name = InfoPlist.strings;
			sourceTree = "<group>";
		};
/* End PBXVariantGroup section */

/* Begin XCBuildConfiguration section */
		DA966D38149FAC3900C229CB /* Debug */ = {
			isa = XCBuildConfiguration;
			buildSettings = {
				ALWAYS_SEARCH_USER_PATHS = NO;
				ARCHS = "$(ARCHS_STANDARD_32_BIT)";
				CLANG_ENABLE_OBJC_ARC = YES;
				"CODE_SIGN_IDENTITY[sdk=iphoneos*]" = "iPhone Developer";
				COPY_PHASE_STRIP = NO;
				GCC_C_LANGUAGE_STANDARD = gnu99;
				GCC_DYNAMIC_NO_PIC = NO;
				GCC_OPTIMIZATION_LEVEL = 0;
				GCC_PREPROCESSOR_DEFINITIONS = (
					"DEBUG=1",
					"$(inherited)",
				);
				GCC_SYMBOLS_PRIVATE_EXTERN = NO;
				GCC_VERSION = com.apple.compilers.llvm.clang.1_0;
				GCC_WARN_ABOUT_MISSING_PROTOTYPES = YES;
				GCC_WARN_ABOUT_RETURN_TYPE = YES;
				GCC_WARN_UNUSED_VARIABLE = YES;
				IPHONEOS_DEPLOYMENT_TARGET = 5.0;
				SDKROOT = iphoneos;
				TARGETED_DEVICE_FAMILY = "1,2";
			};
			name = Debug;
		};
		DA966D39149FAC3900C229CB /* Release */ = {
			isa = XCBuildConfiguration;
			buildSettings = {
				ALWAYS_SEARCH_USER_PATHS = NO;
				ARCHS = "$(ARCHS_STANDARD_32_BIT)";
				CLANG_ENABLE_OBJC_ARC = YES;
				"CODE_SIGN_IDENTITY[sdk=iphoneos*]" = "iPhone Developer";
				COPY_PHASE_STRIP = YES;
				GCC_C_LANGUAGE_STANDARD = gnu99;
				GCC_VERSION = com.apple.compilers.llvm.clang.1_0;
				GCC_WARN_ABOUT_MISSING_PROTOTYPES = YES;
				GCC_WARN_ABOUT_RETURN_TYPE = YES;
				GCC_WARN_UNUSED_VARIABLE = YES;
				IPHONEOS_DEPLOYMENT_TARGET = 5.0;
				OTHER_CFLAGS = "-DNS_BLOCK_ASSERTIONS=1";
				SDKROOT = iphoneos;
				TARGETED_DEVICE_FAMILY = "1,2";
				VALIDATE_PRODUCT = YES;
			};
			name = Release;
		};
		DA966D3B149FAC3900C229CB /* Debug */ = {
			isa = XCBuildConfiguration;
			buildSettings = {
				GCC_PRECOMPILE_PREFIX_HEADER = YES;
				GCC_PREFIX_HEADER = "TravisCI/TravisCI-Prefix.pch";
				HEADER_SEARCH_PATHS = "\"$(SOURCE_ROOT)/RestKit/Build\"";
				INFOPLIST_FILE = "TravisCI/TravisCI-Info.plist";
				OTHER_LDFLAGS = (
					"-ObjC",
					"-all_load",
				);
				PRODUCT_NAME = "$(TARGET_NAME)";
				WRAPPER_EXTENSION = app;
			};
			name = Debug;
		};
		DA966D3C149FAC3900C229CB /* Release */ = {
			isa = XCBuildConfiguration;
			buildSettings = {
				GCC_PRECOMPILE_PREFIX_HEADER = YES;
				GCC_PREFIX_HEADER = "TravisCI/TravisCI-Prefix.pch";
				HEADER_SEARCH_PATHS = "\"$(SOURCE_ROOT)/RestKit/Build\"";
				INFOPLIST_FILE = "TravisCI/TravisCI-Info.plist";
				OTHER_LDFLAGS = (
					"-ObjC",
					"-all_load",
				);
				PRODUCT_NAME = "$(TARGET_NAME)";
				WRAPPER_EXTENSION = app;
			};
			name = Release;
		};
		DA966D3E149FAC3900C229CB /* Debug */ = {
			isa = XCBuildConfiguration;
			buildSettings = {
				BUNDLE_LOADER = "$(BUILT_PRODUCTS_DIR)/TravisCI.app/TravisCI";
				FRAMEWORK_SEARCH_PATHS = (
					"$(SDKROOT)/Developer/Library/Frameworks",
					"$(DEVELOPER_LIBRARY_DIR)/Frameworks",
				);
				GCC_PRECOMPILE_PREFIX_HEADER = YES;
				GCC_PREFIX_HEADER = "TravisCI/TravisCI-Prefix.pch";
				INFOPLIST_FILE = "TravisCITests/TravisCITests-Info.plist";
				PRODUCT_NAME = "$(TARGET_NAME)";
				TEST_HOST = "$(BUNDLE_LOADER)";
				WRAPPER_EXTENSION = octest;
			};
			name = Debug;
		};
		DA966D3F149FAC3900C229CB /* Release */ = {
			isa = XCBuildConfiguration;
			buildSettings = {
				BUNDLE_LOADER = "$(BUILT_PRODUCTS_DIR)/TravisCI.app/TravisCI";
				FRAMEWORK_SEARCH_PATHS = (
					"$(SDKROOT)/Developer/Library/Frameworks",
					"$(DEVELOPER_LIBRARY_DIR)/Frameworks",
				);
				GCC_PRECOMPILE_PREFIX_HEADER = YES;
				GCC_PREFIX_HEADER = "TravisCI/TravisCI-Prefix.pch";
				INFOPLIST_FILE = "TravisCITests/TravisCITests-Info.plist";
				PRODUCT_NAME = "$(TARGET_NAME)";
				TEST_HOST = "$(BUNDLE_LOADER)";
				WRAPPER_EXTENSION = octest;
			};
			name = Release;
		};
/* End XCBuildConfiguration section */

/* Begin XCConfigurationList section */
		DA966CF5149FAC3900C229CB /* Build configuration list for PBXProject "TravisCI" */ = {
			isa = XCConfigurationList;
			buildConfigurations = (
				DA966D38149FAC3900C229CB /* Debug */,
				DA966D39149FAC3900C229CB /* Release */,
			);
			defaultConfigurationIsVisible = 0;
			defaultConfigurationName = Release;
		};
		DA966D3A149FAC3900C229CB /* Build configuration list for PBXNativeTarget "TravisCI" */ = {
			isa = XCConfigurationList;
			buildConfigurations = (
				DA966D3B149FAC3900C229CB /* Debug */,
				DA966D3C149FAC3900C229CB /* Release */,
			);
			defaultConfigurationIsVisible = 0;
			defaultConfigurationName = Release;
		};
		DA966D3D149FAC3900C229CB /* Build configuration list for PBXNativeTarget "TravisCITests" */ = {
			isa = XCConfigurationList;
			buildConfigurations = (
				DA966D3E149FAC3900C229CB /* Debug */,
				DA966D3F149FAC3900C229CB /* Release */,
			);
			defaultConfigurationIsVisible = 0;
			defaultConfigurationName = Release;
		};
/* End XCConfigurationList section */

/* Begin XCVersionGroup section */
		DA966D19149FAC3900C229CB /* TravisCI.xcdatamodeld */ = {
			isa = XCVersionGroup;
			children = (
				DA966D1A149FAC3900C229CB /* TravisCI.xcdatamodel */,
			);
			currentVersion = DA966D1A149FAC3900C229CB /* TravisCI.xcdatamodel */;
			path = TravisCI.xcdatamodeld;
			sourceTree = "<group>";
			versionGroupType = wrapper.xcdatamodel;
		};
/* End XCVersionGroup section */
	};
	rootObject = DA966CF2149FAC3900C229CB /* Project object */;
}
