// !$*UTF8*$!
{
	archiveVersion = 1;
	classes = {
	};
	objectVersion = 46;
	objects = {

/* Begin PBXBuildFile section */
		DA311A0B14B63CA200F351C7 /* BWCommandBuildFinished.m in Sources */ = {isa = PBXBuildFile; fileRef = DA311A0A14B63CA200F351C7 /* BWCommandBuildFinished.m */; };
		DA311A0F14B658D100F351C7 /* BWCDObjectMananger.m in Sources */ = {isa = PBXBuildFile; fileRef = DA311A0E14B658D100F351C7 /* BWCDObjectMananger.m */; };
		DA4D892114C08934001869BE /* BWCDRepository.m in Sources */ = {isa = PBXBuildFile; fileRef = DA4D892014C08934001869BE /* BWCDRepository.m */; };
		DA4FAE9D14BCDB8A00F2E174 /* BWBuildTableCell.m in Sources */ = {isa = PBXBuildFile; fileRef = DA4FAE9C14BCDB8A00F2E174 /* BWBuildTableCell.m */; };
		DA4FAE9F14BCDBC200F2E174 /* BWBuildTableCell.xib in Resources */ = {isa = PBXBuildFile; fileRef = DA4FAE9E14BCDBC200F2E174 /* BWBuildTableCell.xib */; };
		DA548CFE14BCB5B9007580B4 /* BWCDJob.m in Sources */ = {isa = PBXBuildFile; fileRef = DA548CFD14BCB5B9007580B4 /* BWCDJob.m */; };
		DA65E45B14A0F78E0066A7E4 /* libKiwi.a in Frameworks */ = {isa = PBXBuildFile; fileRef = DA65E45A14A0F78E0066A7E4 /* libKiwi.a */; };
		DA65E46014A11CF80066A7E4 /* BWRepository.m in Sources */ = {isa = PBXBuildFile; fileRef = DA65E45F14A11CF80066A7E4 /* BWRepository.m */; };
		DA683C69149FC604000477AF /* libRestKit.a in Frameworks */ = {isa = PBXBuildFile; fileRef = DA683C5C149FC501000477AF /* libRestKit.a */; };
		DA683C6B149FC627000477AF /* CFNetwork.framework in Frameworks */ = {isa = PBXBuildFile; fileRef = DA683C6A149FC627000477AF /* CFNetwork.framework */; };
		DA683C6D149FC634000477AF /* MobileCoreServices.framework in Frameworks */ = {isa = PBXBuildFile; fileRef = DA683C6C149FC634000477AF /* MobileCoreServices.framework */; };
		DA683C6F149FC63B000477AF /* Security.framework in Frameworks */ = {isa = PBXBuildFile; fileRef = DA683C6E149FC63B000477AF /* Security.framework */; };
		DA683C71149FC657000477AF /* SystemConfiguration.framework in Frameworks */ = {isa = PBXBuildFile; fileRef = DA683C70149FC657000477AF /* SystemConfiguration.framework */; };
		DA683C73149FC660000477AF /* libxml2.dylib in Frameworks */ = {isa = PBXBuildFile; fileRef = DA683C72149FC660000477AF /* libxml2.dylib */; };
		DA683C7B149FDA7E000477AF /* BWRepositoryTableCell.m in Sources */ = {isa = PBXBuildFile; fileRef = DA683C7A149FDA7E000477AF /* BWRepositoryTableCell.m */; };
		DA683C7D149FDC4F000477AF /* BWRepositoryTableCell.xib in Resources */ = {isa = PBXBuildFile; fileRef = DA683C7C149FDC4F000477AF /* BWRepositoryTableCell.xib */; };
		DA683CF514A0ED7B000477AF /* BWRepositorySpec.m in Sources */ = {isa = PBXBuildFile; fileRef = DA683CF414A0ED7B000477AF /* BWRepositorySpec.m */; };
		DA683D1614A0F258000477AF /* SenTestingKit.framework in Frameworks */ = {isa = PBXBuildFile; fileRef = DA683D1514A0F258000477AF /* SenTestingKit.framework */; };
		DA703B6F14A26A9D00C6CF6C /* BWPusherHandler.m in Sources */ = {isa = PBXBuildFile; fileRef = DA703B6E14A26A9D00C6CF6C /* BWPusherHandler.m */; };
		DA703B7414A286D700C6CF6C /* BWBuild.m in Sources */ = {isa = PBXBuildFile; fileRef = DA703B7314A286D700C6CF6C /* BWBuild.m */; };
		DA703B7714A2874B00C6CF6C /* BWPresenter.m in Sources */ = {isa = PBXBuildFile; fileRef = DA703B7614A2874B00C6CF6C /* BWPresenter.m */; };
		DA7C596614BB4F4500569F66 /* BWBuildListViewController.m in Sources */ = {isa = PBXBuildFile; fileRef = DA7C596514BB4F4500569F66 /* BWBuildListViewController.m */; };
		DA7C599914BB9CA000569F66 /* BWCDBuild.m in Sources */ = {isa = PBXBuildFile; fileRef = DA7C599814BB9C9F00569F66 /* BWCDBuild.m */; };
		DA7C59A414BC9DB500569F66 /* NSDictionary+BWTravisCI.m in Sources */ = {isa = PBXBuildFile; fileRef = DA7C59A314BC9DB500569F66 /* NSDictionary+BWTravisCI.m */; };
		DA7C59A714BCA0F000569F66 /* libRestKit.a in Frameworks */ = {isa = PBXBuildFile; fileRef = DA683C5C149FC501000477AF /* libRestKit.a */; };
		DA7C59A814BCA23A00569F66 /* CFNetwork.framework in Frameworks */ = {isa = PBXBuildFile; fileRef = DA683C6A149FC627000477AF /* CFNetwork.framework */; };
		DA7C59A914BCA24300569F66 /* MobileCoreServices.framework in Frameworks */ = {isa = PBXBuildFile; fileRef = DA683C6C149FC634000477AF /* MobileCoreServices.framework */; };
		DA7C59AA14BCA24E00569F66 /* SystemConfiguration.framework in Frameworks */ = {isa = PBXBuildFile; fileRef = DA683C70149FC657000477AF /* SystemConfiguration.framework */; };
		DA7C59AB14BCA25600569F66 /* Security.framework in Frameworks */ = {isa = PBXBuildFile; fileRef = DA683C6E149FC63B000477AF /* Security.framework */; };
		DA7C59AC14BCA26A00569F66 /* CoreGraphics.framework in Frameworks */ = {isa = PBXBuildFile; fileRef = DA966D03149FAC3900C229CB /* CoreGraphics.framework */; };
		DA7C59AD14BCA5E300569F66 /* libxml2.dylib in Frameworks */ = {isa = PBXBuildFile; fileRef = DA683C72149FC660000477AF /* libxml2.dylib */; };
		DA7C59B114BCA65E00569F66 /* NSDictionary+BWTravisCISpec.m in Sources */ = {isa = PBXBuildFile; fileRef = DA7C59B014BCA65E00569F66 /* NSDictionary+BWTravisCISpec.m */; };
		DA7EE4F214BF86A600FC7A8F /* BWDetailContainerViewController.m in Sources */ = {isa = PBXBuildFile; fileRef = DA7EE4F114BF86A600FC7A8F /* BWDetailContainerViewController.m */; };
		DA7EE4F514BF959600FC7A8F /* BWSplashScreenViewController.m in Sources */ = {isa = PBXBuildFile; fileRef = DA7EE4F414BF959600FC7A8F /* BWSplashScreenViewController.m */; };
		DA8D7ACF14B606D5009A731B /* BWEmptyBuild.m in Sources */ = {isa = PBXBuildFile; fileRef = DA8D7ACE14B606D5009A731B /* BWEmptyBuild.m */; };
		DA948D5D14B7920700360BA9 /* BWJobListViewController.m in Sources */ = {isa = PBXBuildFile; fileRef = DA948D5C14B7920700360BA9 /* BWJobListViewController.m */; };
		DA948D6014B79DF900360BA9 /* BWJob.m in Sources */ = {isa = PBXBuildFile; fileRef = DA948D5F14B79DF900360BA9 /* BWJob.m */; };
		DA948D6614B7A29800360BA9 /* BWJobTableCell.m in Sources */ = {isa = PBXBuildFile; fileRef = DA948D6514B7A29800360BA9 /* BWJobTableCell.m */; };
		DA948D6814B7A34D00360BA9 /* BWJobTableCell.xib in Resources */ = {isa = PBXBuildFile; fileRef = DA948D6714B7A34D00360BA9 /* BWJobTableCell.xib */; };
		DA966D00149FAC3900C229CB /* UIKit.framework in Frameworks */ = {isa = PBXBuildFile; fileRef = DA966CFF149FAC3900C229CB /* UIKit.framework */; };
		DA966D02149FAC3900C229CB /* Foundation.framework in Frameworks */ = {isa = PBXBuildFile; fileRef = DA966D01149FAC3900C229CB /* Foundation.framework */; };
		DA966D04149FAC3900C229CB /* CoreGraphics.framework in Frameworks */ = {isa = PBXBuildFile; fileRef = DA966D03149FAC3900C229CB /* CoreGraphics.framework */; };
		DA966D06149FAC3900C229CB /* CoreData.framework in Frameworks */ = {isa = PBXBuildFile; fileRef = DA966D05149FAC3900C229CB /* CoreData.framework */; };
		DA966D0C149FAC3900C229CB /* InfoPlist.strings in Resources */ = {isa = PBXBuildFile; fileRef = DA966D0A149FAC3900C229CB /* InfoPlist.strings */; };
		DA966D0E149FAC3900C229CB /* main.m in Sources */ = {isa = PBXBuildFile; fileRef = DA966D0D149FAC3900C229CB /* main.m */; };
		DA966D12149FAC3900C229CB /* BWAppDelegate.m in Sources */ = {isa = PBXBuildFile; fileRef = DA966D11149FAC3900C229CB /* BWAppDelegate.m */; };
		DA966D15149FAC3900C229CB /* MainStoryboard_iPhone.storyboard in Resources */ = {isa = PBXBuildFile; fileRef = DA966D13149FAC3900C229CB /* MainStoryboard_iPhone.storyboard */; };
		DA966D18149FAC3900C229CB /* MainStoryboard_iPad.storyboard in Resources */ = {isa = PBXBuildFile; fileRef = DA966D16149FAC3900C229CB /* MainStoryboard_iPad.storyboard */; };
		DA966D1B149FAC3900C229CB /* TravisCI.xcdatamodeld in Sources */ = {isa = PBXBuildFile; fileRef = DA966D19149FAC3900C229CB /* TravisCI.xcdatamodeld */; };
		DA966D1E149FAC3900C229CB /* BWRepositoryListViewController.m in Sources */ = {isa = PBXBuildFile; fileRef = DA966D1D149FAC3900C229CB /* BWRepositoryListViewController.m */; };
		DA966D2A149FAC3900C229CB /* UIKit.framework in Frameworks */ = {isa = PBXBuildFile; fileRef = DA966CFF149FAC3900C229CB /* UIKit.framework */; };
		DA966D2B149FAC3900C229CB /* Foundation.framework in Frameworks */ = {isa = PBXBuildFile; fileRef = DA966D01149FAC3900C229CB /* Foundation.framework */; };
		DA966D2C149FAC3900C229CB /* CoreData.framework in Frameworks */ = {isa = PBXBuildFile; fileRef = DA966D05149FAC3900C229CB /* CoreData.framework */; };
		DA966D34149FAC3900C229CB /* InfoPlist.strings in Resources */ = {isa = PBXBuildFile; fileRef = DA966D32149FAC3900C229CB /* InfoPlist.strings */; };
		DAA3934C14BCD732007AFBD4 /* travis.background.png in Resources */ = {isa = PBXBuildFile; fileRef = DAA3934B14BCD732007AFBD4 /* travis.background.png */; };
		DAA41BC914A3DDDB00C97A37 /* NSDictionary+QueryString.m in Sources */ = {isa = PBXBuildFile; fileRef = DAA41BAD14A3DDDB00C97A37 /* NSDictionary+QueryString.m */; settings = {COMPILER_FLAGS = "-fno-objc-arc"; }; };
		DAA41BCA14A3DDDB00C97A37 /* NSString+Hashing.m in Sources */ = {isa = PBXBuildFile; fileRef = DAA41BAF14A3DDDB00C97A37 /* NSString+Hashing.m */; settings = {COMPILER_FLAGS = "-fno-objc-arc"; }; };
		DAA41BCB14A3DDDB00C97A37 /* PTBlockEventListener.m in Sources */ = {isa = PBXBuildFile; fileRef = DAA41BB114A3DDDB00C97A37 /* PTBlockEventListener.m */; settings = {COMPILER_FLAGS = "-fno-objc-arc"; }; };
		DAA41BCC14A3DDDB00C97A37 /* PTPusher.m in Sources */ = {isa = PBXBuildFile; fileRef = DAA41BB414A3DDDB00C97A37 /* PTPusher.m */; settings = {COMPILER_FLAGS = "-fno-objc-arc"; }; };
		DAA41BCD14A3DDDB00C97A37 /* PTPusherAPI.m in Sources */ = {isa = PBXBuildFile; fileRef = DAA41BB614A3DDDB00C97A37 /* PTPusherAPI.m */; settings = {COMPILER_FLAGS = "-fno-objc-arc"; }; };
		DAA41BCE14A3DDDB00C97A37 /* PTPusherChannel.m in Sources */ = {isa = PBXBuildFile; fileRef = DAA41BB814A3DDDB00C97A37 /* PTPusherChannel.m */; settings = {COMPILER_FLAGS = "-fno-objc-arc"; }; };
		DAA41BCF14A3DDDB00C97A37 /* PTPusherChannelAuthorizationOperation.m in Sources */ = {isa = PBXBuildFile; fileRef = DAA41BBA14A3DDDB00C97A37 /* PTPusherChannelAuthorizationOperation.m */; settings = {COMPILER_FLAGS = "-fno-objc-arc"; }; };
		DAA41BD014A3DDDB00C97A37 /* PTPusherConnection.m in Sources */ = {isa = PBXBuildFile; fileRef = DAA41BBC14A3DDDB00C97A37 /* PTPusherConnection.m */; settings = {COMPILER_FLAGS = "-fno-objc-arc"; }; };
		DAA41BD114A3DDDB00C97A37 /* PTPusherEvent.m in Sources */ = {isa = PBXBuildFile; fileRef = DAA41BC014A3DDDB00C97A37 /* PTPusherEvent.m */; settings = {COMPILER_FLAGS = "-fno-objc-arc"; }; };
		DAA41BD214A3DDDB00C97A37 /* PTPusherEventDispatcher.m in Sources */ = {isa = PBXBuildFile; fileRef = DAA41BC214A3DDDB00C97A37 /* PTPusherEventDispatcher.m */; settings = {COMPILER_FLAGS = "-fno-objc-arc"; }; };
		DAA41BD314A3DDDB00C97A37 /* PTTargetActionEventListener.m in Sources */ = {isa = PBXBuildFile; fileRef = DAA41BC614A3DDDB00C97A37 /* PTTargetActionEventListener.m */; settings = {COMPILER_FLAGS = "-fno-objc-arc"; }; };
		DAA41BD414A3DDDB00C97A37 /* PTURLRequestOperation.m in Sources */ = {isa = PBXBuildFile; fileRef = DAA41BC814A3DDDB00C97A37 /* PTURLRequestOperation.m */; settings = {COMPILER_FLAGS = "-fno-objc-arc"; }; };
		DAA41BDB14A3DE3600C97A37 /* AsyncSocket.m in Sources */ = {isa = PBXBuildFile; fileRef = DAA41BD714A3DE3600C97A37 /* AsyncSocket.m */; settings = {COMPILER_FLAGS = "-fno-objc-arc"; }; };
		DAA41BDC14A3DE3600C97A37 /* ZTWebSocket.m in Sources */ = {isa = PBXBuildFile; fileRef = DAA41BDA14A3DE3600C97A37 /* ZTWebSocket.m */; settings = {COMPILER_FLAGS = "-fno-objc-arc"; }; };
		DAA41BEB14A3E0BC00C97A37 /* Icon-72.png in Resources */ = {isa = PBXBuildFile; fileRef = DAA41BE114A3E0BC00C97A37 /* Icon-72.png */; };
		DAA41BEC14A3E0BC00C97A37 /* Icon-Small-50.png in Resources */ = {isa = PBXBuildFile; fileRef = DAA41BE214A3E0BC00C97A37 /* Icon-Small-50.png */; };
		DAA41BED14A3E0BC00C97A37 /* Icon-Small.png in Resources */ = {isa = PBXBuildFile; fileRef = DAA41BE314A3E0BC00C97A37 /* Icon-Small.png */; };
		DAA41BEE14A3E0BC00C97A37 /* Icon-Small@2x.png in Resources */ = {isa = PBXBuildFile; fileRef = DAA41BE414A3E0BC00C97A37 /* Icon-Small@2x.png */; };
		DAA41BEF14A3E0BC00C97A37 /* icon.1000.png in Resources */ = {isa = PBXBuildFile; fileRef = DAA41BE514A3E0BC00C97A37 /* icon.1000.png */; };
		DAA41BF014A3E0BC00C97A37 /* Icon.png in Resources */ = {isa = PBXBuildFile; fileRef = DAA41BE614A3E0BC00C97A37 /* Icon.png */; };
		DAA41BF114A3E0BC00C97A37 /* Icon@2x.png in Resources */ = {isa = PBXBuildFile; fileRef = DAA41BE714A3E0BC00C97A37 /* Icon@2x.png */; };
		DAA41BF214A3E0BC00C97A37 /* status_green.png in Resources */ = {isa = PBXBuildFile; fileRef = DAA41BE814A3E0BC00C97A37 /* status_green.png */; };
		DAA41BF314A3E0BC00C97A37 /* status_red.png in Resources */ = {isa = PBXBuildFile; fileRef = DAA41BE914A3E0BC00C97A37 /* status_red.png */; };
		DAA41BF414A3E0BC00C97A37 /* status_yellow.png in Resources */ = {isa = PBXBuildFile; fileRef = DAA41BEA14A3E0BC00C97A37 /* status_yellow.png */; };
		DAA41BF714A5186200C97A37 /* BWCommandBuildStarted.m in Sources */ = {isa = PBXBuildFile; fileRef = DAA41BF614A5186200C97A37 /* BWCommandBuildStarted.m */; };
		DAADBF7F14BCF44C000F655E /* BWTableViewCell.m in Sources */ = {isa = PBXBuildFile; fileRef = DAADBF7E14BCF44C000F655E /* BWTableViewCell.m */; };
		DAADBF8214BCF751000F655E /* BWColor.m in Sources */ = {isa = PBXBuildFile; fileRef = DAADBF8114BCF751000F655E /* BWColor.m */; };
		DAADBF8714BDEED8000F655E /* BWJobDetailViewController.m in Sources */ = {isa = PBXBuildFile; fileRef = DAADBF8614BDEED8000F655E /* BWJobDetailViewController.m */; };
		DAADBF8C14BE3354000F655E /* QuartzCore.framework in Frameworks */ = {isa = PBXBuildFile; fileRef = DAADBF8B14BE3354000F655E /* QuartzCore.framework */; };
		DAADBF8F14BE46F5000F655E /* BWRepositoryDetailViewController.m in Sources */ = {isa = PBXBuildFile; fileRef = DAADBF8E14BE46F5000F655E /* BWRepositoryDetailViewController.m */; };
		DAADBF9814BF3831000F655E /* BWBuildDetailViewController.m in Sources */ = {isa = PBXBuildFile; fileRef = DAADBF9714BF3831000F655E /* BWBuildDetailViewController.m */; };
		DAC3873C14A1318500927334 /* NSDate+Formatting.m in Sources */ = {isa = PBXBuildFile; fileRef = DAC3873B14A1318500927334 /* NSDate+Formatting.m */; settings = {COMPILER_FLAGS = "-fno-objc-arc"; }; };
		DAC3873E14A134BB00927334 /* NSDate_FormattingSpec.m in Sources */ = {isa = PBXBuildFile; fileRef = DAC3873D14A134BB00927334 /* NSDate_FormattingSpec.m */; };
/* End PBXBuildFile section */

/* Begin PBXContainerItemProxy section */
		DA683C5B149FC501000477AF /* PBXContainerItemProxy */ = {
			isa = PBXContainerItemProxy;
			containerPortal = DA683C51149FC500000477AF /* RestKit.xcodeproj */;
			proxyType = 2;
			remoteGlobalIDString = 25160D1614564E810060A5C5;
			remoteInfo = RestKit;
		};
		DA683C5D149FC501000477AF /* PBXContainerItemProxy */ = {
			isa = PBXContainerItemProxy;
			containerPortal = DA683C51149FC500000477AF /* RestKit.xcodeproj */;
			proxyType = 2;
			remoteGlobalIDString = 25160D2614564E820060A5C5;
			remoteInfo = RestKitTests;
		};
		DA683C5F149FC501000477AF /* PBXContainerItemProxy */ = {
			isa = PBXContainerItemProxy;
			containerPortal = DA683C51149FC500000477AF /* RestKit.xcodeproj */;
			proxyType = 2;
			remoteGlobalIDString = 25160E62145651060060A5C5;
			remoteInfo = RestKitFramework;
		};
		DA683C61149FC501000477AF /* PBXContainerItemProxy */ = {
			isa = PBXContainerItemProxy;
			containerPortal = DA683C51149FC500000477AF /* RestKit.xcodeproj */;
			proxyType = 2;
			remoteGlobalIDString = 25160E78145651060060A5C5;
			remoteInfo = RestKitFrameworkTests;
		};
		DA683C67149FC5F2000477AF /* PBXContainerItemProxy */ = {
			isa = PBXContainerItemProxy;
			containerPortal = DA683C51149FC500000477AF /* RestKit.xcodeproj */;
			proxyType = 1;
			remoteGlobalIDString = 25160D1514564E810060A5C5;
			remoteInfo = RestKit;
		};
		DA7C59A514BCA0EB00569F66 /* PBXContainerItemProxy */ = {
			isa = PBXContainerItemProxy;
			containerPortal = DA683C51149FC500000477AF /* RestKit.xcodeproj */;
			proxyType = 1;
			remoteGlobalIDString = 25160D1514564E810060A5C5;
			remoteInfo = RestKit;
		};
		DA966D2D149FAC3900C229CB /* PBXContainerItemProxy */ = {
			isa = PBXContainerItemProxy;
			containerPortal = DA966CF2149FAC3900C229CB /* Project object */;
			proxyType = 1;
			remoteGlobalIDString = DA966CFA149FAC3900C229CB;
			remoteInfo = TravisCI;
		};
/* End PBXContainerItemProxy section */

/* Begin PBXFileReference section */
		DA311A0914B63CA200F351C7 /* BWCommandBuildFinished.h */ = {isa = PBXFileReference; fileEncoding = 4; lastKnownFileType = sourcecode.c.h; path = BWCommandBuildFinished.h; sourceTree = "<group>"; };
		DA311A0A14B63CA200F351C7 /* BWCommandBuildFinished.m */ = {isa = PBXFileReference; fileEncoding = 4; lastKnownFileType = sourcecode.c.objc; path = BWCommandBuildFinished.m; sourceTree = "<group>"; };
		DA311A0D14B658D100F351C7 /* BWCDObjectMananger.h */ = {isa = PBXFileReference; fileEncoding = 4; lastKnownFileType = sourcecode.c.h; path = BWCDObjectMananger.h; sourceTree = "<group>"; };
		DA311A0E14B658D100F351C7 /* BWCDObjectMananger.m */ = {isa = PBXFileReference; fileEncoding = 4; lastKnownFileType = sourcecode.c.objc; path = BWCDObjectMananger.m; sourceTree = "<group>"; };
		DA4D891F14C08934001869BE /* BWCDRepository.h */ = {isa = PBXFileReference; fileEncoding = 4; lastKnownFileType = sourcecode.c.h; path = BWCDRepository.h; sourceTree = "<group>"; };
		DA4D892014C08934001869BE /* BWCDRepository.m */ = {isa = PBXFileReference; fileEncoding = 4; lastKnownFileType = sourcecode.c.objc; path = BWCDRepository.m; sourceTree = "<group>"; };
		DA4FAE9B14BCDB8A00F2E174 /* BWBuildTableCell.h */ = {isa = PBXFileReference; fileEncoding = 4; lastKnownFileType = sourcecode.c.h; path = BWBuildTableCell.h; sourceTree = "<group>"; };
		DA4FAE9C14BCDB8A00F2E174 /* BWBuildTableCell.m */ = {isa = PBXFileReference; fileEncoding = 4; lastKnownFileType = sourcecode.c.objc; path = BWBuildTableCell.m; sourceTree = "<group>"; };
		DA4FAE9E14BCDBC200F2E174 /* BWBuildTableCell.xib */ = {isa = PBXFileReference; fileEncoding = 4; lastKnownFileType = file.xib; path = BWBuildTableCell.xib; sourceTree = "<group>"; };
		DA548CFC14BCB5B9007580B4 /* BWCDJob.h */ = {isa = PBXFileReference; fileEncoding = 4; lastKnownFileType = sourcecode.c.h; path = BWCDJob.h; sourceTree = "<group>"; };
		DA548CFD14BCB5B9007580B4 /* BWCDJob.m */ = {isa = PBXFileReference; fileEncoding = 4; lastKnownFileType = sourcecode.c.objc; path = BWCDJob.m; sourceTree = "<group>"; };
		DA65E45A14A0F78E0066A7E4 /* libKiwi.a */ = {isa = PBXFileReference; lastKnownFileType = archive.ar; name = libKiwi.a; path = "../Kiwi/build/Release-iphoneos/libKiwi.a"; sourceTree = "<group>"; };
		DA65E45E14A11CF80066A7E4 /* BWRepository.h */ = {isa = PBXFileReference; fileEncoding = 4; lastKnownFileType = sourcecode.c.h; path = BWRepository.h; sourceTree = "<group>"; };
		DA65E45F14A11CF80066A7E4 /* BWRepository.m */ = {isa = PBXFileReference; fileEncoding = 4; lastKnownFileType = sourcecode.c.objc; path = BWRepository.m; sourceTree = "<group>"; };
		DA683C51149FC500000477AF /* RestKit.xcodeproj */ = {isa = PBXFileReference; lastKnownFileType = "wrapper.pb-project"; name = RestKit.xcodeproj; path = RestKit/RestKit.xcodeproj; sourceTree = "<group>"; };
		DA683C6A149FC627000477AF /* CFNetwork.framework */ = {isa = PBXFileReference; lastKnownFileType = wrapper.framework; name = CFNetwork.framework; path = System/Library/Frameworks/CFNetwork.framework; sourceTree = SDKROOT; };
		DA683C6C149FC634000477AF /* MobileCoreServices.framework */ = {isa = PBXFileReference; lastKnownFileType = wrapper.framework; name = MobileCoreServices.framework; path = System/Library/Frameworks/MobileCoreServices.framework; sourceTree = SDKROOT; };
		DA683C6E149FC63B000477AF /* Security.framework */ = {isa = PBXFileReference; lastKnownFileType = wrapper.framework; name = Security.framework; path = System/Library/Frameworks/Security.framework; sourceTree = SDKROOT; };
		DA683C70149FC657000477AF /* SystemConfiguration.framework */ = {isa = PBXFileReference; lastKnownFileType = wrapper.framework; name = SystemConfiguration.framework; path = System/Library/Frameworks/SystemConfiguration.framework; sourceTree = SDKROOT; };
		DA683C72149FC660000477AF /* libxml2.dylib */ = {isa = PBXFileReference; lastKnownFileType = "compiled.mach-o.dylib"; name = libxml2.dylib; path = usr/lib/libxml2.dylib; sourceTree = SDKROOT; };
		DA683C79149FDA7E000477AF /* BWRepositoryTableCell.h */ = {isa = PBXFileReference; fileEncoding = 4; lastKnownFileType = sourcecode.c.h; path = BWRepositoryTableCell.h; sourceTree = "<group>"; };
		DA683C7A149FDA7E000477AF /* BWRepositoryTableCell.m */ = {isa = PBXFileReference; fileEncoding = 4; lastKnownFileType = sourcecode.c.objc; path = BWRepositoryTableCell.m; sourceTree = "<group>"; };
		DA683C7C149FDC4F000477AF /* BWRepositoryTableCell.xib */ = {isa = PBXFileReference; fileEncoding = 4; lastKnownFileType = file.xib; path = BWRepositoryTableCell.xib; sourceTree = "<group>"; };
		DA683CF414A0ED7B000477AF /* BWRepositorySpec.m */ = {isa = PBXFileReference; fileEncoding = 4; lastKnownFileType = sourcecode.c.objc; path = BWRepositorySpec.m; sourceTree = "<group>"; };
		DA683D1514A0F258000477AF /* SenTestingKit.framework */ = {isa = PBXFileReference; lastKnownFileType = wrapper.framework; name = SenTestingKit.framework; path = Library/Frameworks/SenTestingKit.framework; sourceTree = DEVELOPER_DIR; };
		DA703B6D14A26A9D00C6CF6C /* BWPusherHandler.h */ = {isa = PBXFileReference; fileEncoding = 4; lastKnownFileType = sourcecode.c.h; path = BWPusherHandler.h; sourceTree = "<group>"; };
		DA703B6E14A26A9D00C6CF6C /* BWPusherHandler.m */ = {isa = PBXFileReference; fileEncoding = 4; lastKnownFileType = sourcecode.c.objc; path = BWPusherHandler.m; sourceTree = "<group>"; };
		DA703B7214A286D700C6CF6C /* BWBuild.h */ = {isa = PBXFileReference; fileEncoding = 4; lastKnownFileType = sourcecode.c.h; path = BWBuild.h; sourceTree = "<group>"; };
		DA703B7314A286D700C6CF6C /* BWBuild.m */ = {isa = PBXFileReference; fileEncoding = 4; lastKnownFileType = sourcecode.c.objc; path = BWBuild.m; sourceTree = "<group>"; };
		DA703B7514A2874B00C6CF6C /* BWPresenter.h */ = {isa = PBXFileReference; fileEncoding = 4; lastKnownFileType = sourcecode.c.h; path = BWPresenter.h; sourceTree = "<group>"; };
		DA703B7614A2874B00C6CF6C /* BWPresenter.m */ = {isa = PBXFileReference; fileEncoding = 4; lastKnownFileType = sourcecode.c.objc; path = BWPresenter.m; sourceTree = "<group>"; };
		DA7C596414BB4F4500569F66 /* BWBuildListViewController.h */ = {isa = PBXFileReference; fileEncoding = 4; lastKnownFileType = sourcecode.c.h; path = BWBuildListViewController.h; sourceTree = "<group>"; };
		DA7C596514BB4F4500569F66 /* BWBuildListViewController.m */ = {isa = PBXFileReference; fileEncoding = 4; lastKnownFileType = sourcecode.c.objc; path = BWBuildListViewController.m; sourceTree = "<group>"; };
		DA7C599714BB9C9F00569F66 /* BWCDBuild.h */ = {isa = PBXFileReference; fileEncoding = 4; lastKnownFileType = sourcecode.c.h; path = BWCDBuild.h; sourceTree = "<group>"; };
		DA7C599814BB9C9F00569F66 /* BWCDBuild.m */ = {isa = PBXFileReference; fileEncoding = 4; lastKnownFileType = sourcecode.c.objc; path = BWCDBuild.m; sourceTree = "<group>"; };
		DA7C59A214BC9DB500569F66 /* NSDictionary+BWTravisCI.h */ = {isa = PBXFileReference; fileEncoding = 4; lastKnownFileType = sourcecode.c.h; path = "NSDictionary+BWTravisCI.h"; sourceTree = "<group>"; };
		DA7C59A314BC9DB500569F66 /* NSDictionary+BWTravisCI.m */ = {isa = PBXFileReference; fileEncoding = 4; lastKnownFileType = sourcecode.c.objc; path = "NSDictionary+BWTravisCI.m"; sourceTree = "<group>"; };
		DA7C59B014BCA65E00569F66 /* NSDictionary+BWTravisCISpec.m */ = {isa = PBXFileReference; fileEncoding = 4; lastKnownFileType = sourcecode.c.objc; path = "NSDictionary+BWTravisCISpec.m"; sourceTree = "<group>"; };
		DA7EE4F014BF86A600FC7A8F /* BWDetailContainerViewController.h */ = {isa = PBXFileReference; fileEncoding = 4; lastKnownFileType = sourcecode.c.h; path = BWDetailContainerViewController.h; sourceTree = "<group>"; };
		DA7EE4F114BF86A600FC7A8F /* BWDetailContainerViewController.m */ = {isa = PBXFileReference; fileEncoding = 4; lastKnownFileType = sourcecode.c.objc; path = BWDetailContainerViewController.m; sourceTree = "<group>"; };
		DA7EE4F314BF959600FC7A8F /* BWSplashScreenViewController.h */ = {isa = PBXFileReference; fileEncoding = 4; lastKnownFileType = sourcecode.c.h; path = BWSplashScreenViewController.h; sourceTree = "<group>"; };
		DA7EE4F414BF959600FC7A8F /* BWSplashScreenViewController.m */ = {isa = PBXFileReference; fileEncoding = 4; lastKnownFileType = sourcecode.c.objc; path = BWSplashScreenViewController.m; sourceTree = "<group>"; };
		DA8D7ACD14B606D5009A731B /* BWEmptyBuild.h */ = {isa = PBXFileReference; fileEncoding = 4; lastKnownFileType = sourcecode.c.h; path = BWEmptyBuild.h; sourceTree = "<group>"; };
		DA8D7ACE14B606D5009A731B /* BWEmptyBuild.m */ = {isa = PBXFileReference; fileEncoding = 4; lastKnownFileType = sourcecode.c.objc; path = BWEmptyBuild.m; sourceTree = "<group>"; };
		DA948D5B14B7920700360BA9 /* BWJobListViewController.h */ = {isa = PBXFileReference; fileEncoding = 4; lastKnownFileType = sourcecode.c.h; path = BWJobListViewController.h; sourceTree = "<group>"; };
		DA948D5C14B7920700360BA9 /* BWJobListViewController.m */ = {isa = PBXFileReference; fileEncoding = 4; lastKnownFileType = sourcecode.c.objc; path = BWJobListViewController.m; sourceTree = "<group>"; };
		DA948D5E14B79DF900360BA9 /* BWJob.h */ = {isa = PBXFileReference; fileEncoding = 4; lastKnownFileType = sourcecode.c.h; path = BWJob.h; sourceTree = "<group>"; };
		DA948D5F14B79DF900360BA9 /* BWJob.m */ = {isa = PBXFileReference; fileEncoding = 4; lastKnownFileType = sourcecode.c.objc; path = BWJob.m; sourceTree = "<group>"; };
		DA948D6414B7A29700360BA9 /* BWJobTableCell.h */ = {isa = PBXFileReference; fileEncoding = 4; lastKnownFileType = sourcecode.c.h; path = BWJobTableCell.h; sourceTree = "<group>"; };
		DA948D6514B7A29800360BA9 /* BWJobTableCell.m */ = {isa = PBXFileReference; fileEncoding = 4; lastKnownFileType = sourcecode.c.objc; path = BWJobTableCell.m; sourceTree = "<group>"; };
		DA948D6714B7A34D00360BA9 /* BWJobTableCell.xib */ = {isa = PBXFileReference; fileEncoding = 4; lastKnownFileType = file.xib; path = BWJobTableCell.xib; sourceTree = "<group>"; };
		DA966CFB149FAC3900C229CB /* TravisCI.app */ = {isa = PBXFileReference; explicitFileType = wrapper.application; includeInIndex = 0; path = TravisCI.app; sourceTree = BUILT_PRODUCTS_DIR; };
		DA966CFF149FAC3900C229CB /* UIKit.framework */ = {isa = PBXFileReference; lastKnownFileType = wrapper.framework; name = UIKit.framework; path = System/Library/Frameworks/UIKit.framework; sourceTree = SDKROOT; };
		DA966D01149FAC3900C229CB /* Foundation.framework */ = {isa = PBXFileReference; lastKnownFileType = wrapper.framework; name = Foundation.framework; path = System/Library/Frameworks/Foundation.framework; sourceTree = SDKROOT; };
		DA966D03149FAC3900C229CB /* CoreGraphics.framework */ = {isa = PBXFileReference; lastKnownFileType = wrapper.framework; name = CoreGraphics.framework; path = System/Library/Frameworks/CoreGraphics.framework; sourceTree = SDKROOT; };
		DA966D05149FAC3900C229CB /* CoreData.framework */ = {isa = PBXFileReference; lastKnownFileType = wrapper.framework; name = CoreData.framework; path = System/Library/Frameworks/CoreData.framework; sourceTree = SDKROOT; };
		DA966D09149FAC3900C229CB /* TravisCI-Info.plist */ = {isa = PBXFileReference; lastKnownFileType = text.plist.xml; path = "TravisCI-Info.plist"; sourceTree = "<group>"; };
		DA966D0B149FAC3900C229CB /* en */ = {isa = PBXFileReference; lastKnownFileType = text.plist.strings; name = en; path = en.lproj/InfoPlist.strings; sourceTree = "<group>"; };
		DA966D0D149FAC3900C229CB /* main.m */ = {isa = PBXFileReference; lastKnownFileType = sourcecode.c.objc; path = main.m; sourceTree = "<group>"; };
		DA966D0F149FAC3900C229CB /* TravisCI-Prefix.pch */ = {isa = PBXFileReference; lastKnownFileType = sourcecode.c.h; path = "TravisCI-Prefix.pch"; sourceTree = "<group>"; };
		DA966D10149FAC3900C229CB /* BWAppDelegate.h */ = {isa = PBXFileReference; lastKnownFileType = sourcecode.c.h; path = BWAppDelegate.h; sourceTree = "<group>"; };
		DA966D11149FAC3900C229CB /* BWAppDelegate.m */ = {isa = PBXFileReference; lastKnownFileType = sourcecode.c.objc; path = BWAppDelegate.m; sourceTree = "<group>"; };
		DA966D14149FAC3900C229CB /* en */ = {isa = PBXFileReference; lastKnownFileType = file.storyboard; name = en; path = en.lproj/MainStoryboard_iPhone.storyboard; sourceTree = "<group>"; };
		DA966D17149FAC3900C229CB /* en */ = {isa = PBXFileReference; lastKnownFileType = file.storyboard; name = en; path = en.lproj/MainStoryboard_iPad.storyboard; sourceTree = "<group>"; };
		DA966D1A149FAC3900C229CB /* TravisCI.xcdatamodel */ = {isa = PBXFileReference; lastKnownFileType = wrapper.xcdatamodel; path = TravisCI.xcdatamodel; sourceTree = "<group>"; };
		DA966D1C149FAC3900C229CB /* BWRepositoryListViewController.h */ = {isa = PBXFileReference; lastKnownFileType = sourcecode.c.h; path = BWRepositoryListViewController.h; sourceTree = "<group>"; };
		DA966D1D149FAC3900C229CB /* BWRepositoryListViewController.m */ = {isa = PBXFileReference; lastKnownFileType = sourcecode.c.objc; path = BWRepositoryListViewController.m; sourceTree = "<group>"; };
		DA966D27149FAC3900C229CB /* TravisCITests.octest */ = {isa = PBXFileReference; explicitFileType = wrapper.cfbundle; includeInIndex = 0; path = TravisCITests.octest; sourceTree = BUILT_PRODUCTS_DIR; };
		DA966D31149FAC3900C229CB /* TravisCITests-Info.plist */ = {isa = PBXFileReference; lastKnownFileType = text.plist.xml; path = "TravisCITests-Info.plist"; sourceTree = "<group>"; };
		DA966D33149FAC3900C229CB /* en */ = {isa = PBXFileReference; lastKnownFileType = text.plist.strings; name = en; path = en.lproj/InfoPlist.strings; sourceTree = "<group>"; };
		DAA3934B14BCD732007AFBD4 /* travis.background.png */ = {isa = PBXFileReference; lastKnownFileType = image.png; path = travis.background.png; sourceTree = "<group>"; };
		DAA41BAC14A3DDDB00C97A37 /* NSDictionary+QueryString.h */ = {isa = PBXFileReference; fileEncoding = 4; lastKnownFileType = sourcecode.c.h; path = "NSDictionary+QueryString.h"; sourceTree = "<group>"; };
		DAA41BAD14A3DDDB00C97A37 /* NSDictionary+QueryString.m */ = {isa = PBXFileReference; fileEncoding = 4; lastKnownFileType = sourcecode.c.objc; path = "NSDictionary+QueryString.m"; sourceTree = "<group>"; };
		DAA41BAE14A3DDDB00C97A37 /* NSString+Hashing.h */ = {isa = PBXFileReference; fileEncoding = 4; lastKnownFileType = sourcecode.c.h; path = "NSString+Hashing.h"; sourceTree = "<group>"; };
		DAA41BAF14A3DDDB00C97A37 /* NSString+Hashing.m */ = {isa = PBXFileReference; fileEncoding = 4; lastKnownFileType = sourcecode.c.objc; path = "NSString+Hashing.m"; sourceTree = "<group>"; };
		DAA41BB014A3DDDB00C97A37 /* PTBlockEventListener.h */ = {isa = PBXFileReference; fileEncoding = 4; lastKnownFileType = sourcecode.c.h; path = PTBlockEventListener.h; sourceTree = "<group>"; };
		DAA41BB114A3DDDB00C97A37 /* PTBlockEventListener.m */ = {isa = PBXFileReference; fileEncoding = 4; lastKnownFileType = sourcecode.c.objc; path = PTBlockEventListener.m; sourceTree = "<group>"; };
		DAA41BB214A3DDDB00C97A37 /* PTEventListener.h */ = {isa = PBXFileReference; fileEncoding = 4; lastKnownFileType = sourcecode.c.h; path = PTEventListener.h; sourceTree = "<group>"; };
		DAA41BB314A3DDDB00C97A37 /* PTPusher.h */ = {isa = PBXFileReference; fileEncoding = 4; lastKnownFileType = sourcecode.c.h; path = PTPusher.h; sourceTree = "<group>"; };
		DAA41BB414A3DDDB00C97A37 /* PTPusher.m */ = {isa = PBXFileReference; fileEncoding = 4; lastKnownFileType = sourcecode.c.objc; path = PTPusher.m; sourceTree = "<group>"; };
		DAA41BB514A3DDDB00C97A37 /* PTPusherAPI.h */ = {isa = PBXFileReference; fileEncoding = 4; lastKnownFileType = sourcecode.c.h; path = PTPusherAPI.h; sourceTree = "<group>"; };
		DAA41BB614A3DDDB00C97A37 /* PTPusherAPI.m */ = {isa = PBXFileReference; fileEncoding = 4; lastKnownFileType = sourcecode.c.objc; path = PTPusherAPI.m; sourceTree = "<group>"; };
		DAA41BB714A3DDDB00C97A37 /* PTPusherChannel.h */ = {isa = PBXFileReference; fileEncoding = 4; lastKnownFileType = sourcecode.c.h; path = PTPusherChannel.h; sourceTree = "<group>"; };
		DAA41BB814A3DDDB00C97A37 /* PTPusherChannel.m */ = {isa = PBXFileReference; fileEncoding = 4; lastKnownFileType = sourcecode.c.objc; path = PTPusherChannel.m; sourceTree = "<group>"; };
		DAA41BB914A3DDDB00C97A37 /* PTPusherChannelAuthorizationOperation.h */ = {isa = PBXFileReference; fileEncoding = 4; lastKnownFileType = sourcecode.c.h; path = PTPusherChannelAuthorizationOperation.h; sourceTree = "<group>"; };
		DAA41BBA14A3DDDB00C97A37 /* PTPusherChannelAuthorizationOperation.m */ = {isa = PBXFileReference; fileEncoding = 4; lastKnownFileType = sourcecode.c.objc; path = PTPusherChannelAuthorizationOperation.m; sourceTree = "<group>"; };
		DAA41BBB14A3DDDB00C97A37 /* PTPusherConnection.h */ = {isa = PBXFileReference; fileEncoding = 4; lastKnownFileType = sourcecode.c.h; path = PTPusherConnection.h; sourceTree = "<group>"; };
		DAA41BBC14A3DDDB00C97A37 /* PTPusherConnection.m */ = {isa = PBXFileReference; fileEncoding = 4; lastKnownFileType = sourcecode.c.objc; path = PTPusherConnection.m; sourceTree = "<group>"; };
		DAA41BBD14A3DDDB00C97A37 /* PTPusherDelegate.h */ = {isa = PBXFileReference; fileEncoding = 4; lastKnownFileType = sourcecode.c.h; path = PTPusherDelegate.h; sourceTree = "<group>"; };
		DAA41BBE14A3DDDB00C97A37 /* PTPusherErrors.h */ = {isa = PBXFileReference; fileEncoding = 4; lastKnownFileType = sourcecode.c.h; path = PTPusherErrors.h; sourceTree = "<group>"; };
		DAA41BBF14A3DDDB00C97A37 /* PTPusherEvent.h */ = {isa = PBXFileReference; fileEncoding = 4; lastKnownFileType = sourcecode.c.h; path = PTPusherEvent.h; sourceTree = "<group>"; };
		DAA41BC014A3DDDB00C97A37 /* PTPusherEvent.m */ = {isa = PBXFileReference; fileEncoding = 4; lastKnownFileType = sourcecode.c.objc; path = PTPusherEvent.m; sourceTree = "<group>"; };
		DAA41BC114A3DDDB00C97A37 /* PTPusherEventDispatcher.h */ = {isa = PBXFileReference; fileEncoding = 4; lastKnownFileType = sourcecode.c.h; path = PTPusherEventDispatcher.h; sourceTree = "<group>"; };
		DAA41BC214A3DDDB00C97A37 /* PTPusherEventDispatcher.m */ = {isa = PBXFileReference; fileEncoding = 4; lastKnownFileType = sourcecode.c.objc; path = PTPusherEventDispatcher.m; sourceTree = "<group>"; };
		DAA41BC314A3DDDB00C97A37 /* PTPusherEventPublisher.h */ = {isa = PBXFileReference; fileEncoding = 4; lastKnownFileType = sourcecode.c.h; path = PTPusherEventPublisher.h; sourceTree = "<group>"; };
		DAA41BC414A3DDDB00C97A37 /* PTPusherPresenceChannelDelegate.h */ = {isa = PBXFileReference; fileEncoding = 4; lastKnownFileType = sourcecode.c.h; path = PTPusherPresenceChannelDelegate.h; sourceTree = "<group>"; };
		DAA41BC514A3DDDB00C97A37 /* PTTargetActionEventListener.h */ = {isa = PBXFileReference; fileEncoding = 4; lastKnownFileType = sourcecode.c.h; path = PTTargetActionEventListener.h; sourceTree = "<group>"; };
		DAA41BC614A3DDDB00C97A37 /* PTTargetActionEventListener.m */ = {isa = PBXFileReference; fileEncoding = 4; lastKnownFileType = sourcecode.c.objc; path = PTTargetActionEventListener.m; sourceTree = "<group>"; };
		DAA41BC714A3DDDB00C97A37 /* PTURLRequestOperation.h */ = {isa = PBXFileReference; fileEncoding = 4; lastKnownFileType = sourcecode.c.h; path = PTURLRequestOperation.h; sourceTree = "<group>"; };
		DAA41BC814A3DDDB00C97A37 /* PTURLRequestOperation.m */ = {isa = PBXFileReference; fileEncoding = 4; lastKnownFileType = sourcecode.c.objc; path = PTURLRequestOperation.m; sourceTree = "<group>"; };
		DAA41BD614A3DE3600C97A37 /* AsyncSocket.h */ = {isa = PBXFileReference; fileEncoding = 4; lastKnownFileType = sourcecode.c.h; path = AsyncSocket.h; sourceTree = "<group>"; };
		DAA41BD714A3DE3600C97A37 /* AsyncSocket.m */ = {isa = PBXFileReference; fileEncoding = 4; lastKnownFileType = sourcecode.c.objc; path = AsyncSocket.m; sourceTree = "<group>"; };
		DAA41BD914A3DE3600C97A37 /* ZTWebSocket.h */ = {isa = PBXFileReference; fileEncoding = 4; lastKnownFileType = sourcecode.c.h; path = ZTWebSocket.h; sourceTree = "<group>"; };
		DAA41BDA14A3DE3600C97A37 /* ZTWebSocket.m */ = {isa = PBXFileReference; fileEncoding = 4; lastKnownFileType = sourcecode.c.objc; path = ZTWebSocket.m; sourceTree = "<group>"; };
		DAA41BE114A3E0BC00C97A37 /* Icon-72.png */ = {isa = PBXFileReference; lastKnownFileType = image.png; path = "Icon-72.png"; sourceTree = "<group>"; };
		DAA41BE214A3E0BC00C97A37 /* Icon-Small-50.png */ = {isa = PBXFileReference; lastKnownFileType = image.png; path = "Icon-Small-50.png"; sourceTree = "<group>"; };
		DAA41BE314A3E0BC00C97A37 /* Icon-Small.png */ = {isa = PBXFileReference; lastKnownFileType = image.png; path = "Icon-Small.png"; sourceTree = "<group>"; };
		DAA41BE414A3E0BC00C97A37 /* Icon-Small@2x.png */ = {isa = PBXFileReference; lastKnownFileType = image.png; path = "Icon-Small@2x.png"; sourceTree = "<group>"; };
		DAA41BE514A3E0BC00C97A37 /* icon.1000.png */ = {isa = PBXFileReference; lastKnownFileType = image.png; path = icon.1000.png; sourceTree = "<group>"; };
		DAA41BE614A3E0BC00C97A37 /* Icon.png */ = {isa = PBXFileReference; lastKnownFileType = image.png; path = Icon.png; sourceTree = "<group>"; };
		DAA41BE714A3E0BC00C97A37 /* Icon@2x.png */ = {isa = PBXFileReference; lastKnownFileType = image.png; path = "Icon@2x.png"; sourceTree = "<group>"; };
		DAA41BE814A3E0BC00C97A37 /* status_green.png */ = {isa = PBXFileReference; lastKnownFileType = image.png; path = status_green.png; sourceTree = "<group>"; };
		DAA41BE914A3E0BC00C97A37 /* status_red.png */ = {isa = PBXFileReference; lastKnownFileType = image.png; path = status_red.png; sourceTree = "<group>"; };
		DAA41BEA14A3E0BC00C97A37 /* status_yellow.png */ = {isa = PBXFileReference; lastKnownFileType = image.png; path = status_yellow.png; sourceTree = "<group>"; };
		DAA41BF514A5186200C97A37 /* BWCommandBuildStarted.h */ = {isa = PBXFileReference; fileEncoding = 4; lastKnownFileType = sourcecode.c.h; path = BWCommandBuildStarted.h; sourceTree = "<group>"; };
		DAA41BF614A5186200C97A37 /* BWCommandBuildStarted.m */ = {isa = PBXFileReference; fileEncoding = 4; lastKnownFileType = sourcecode.c.objc; path = BWCommandBuildStarted.m; sourceTree = "<group>"; };
		DAADBF7D14BCF44C000F655E /* BWTableViewCell.h */ = {isa = PBXFileReference; fileEncoding = 4; indentWidth = 4; lastKnownFileType = sourcecode.c.h; path = BWTableViewCell.h; sourceTree = "<group>"; tabWidth = 4; usesTabs = 0; wrapsLines = 1; };
		DAADBF7E14BCF44C000F655E /* BWTableViewCell.m */ = {isa = PBXFileReference; fileEncoding = 4; indentWidth = 4; lastKnownFileType = sourcecode.c.objc; path = BWTableViewCell.m; sourceTree = "<group>"; tabWidth = 4; usesTabs = 0; wrapsLines = 1; };
		DAADBF8014BCF750000F655E /* BWColor.h */ = {isa = PBXFileReference; fileEncoding = 4; lastKnownFileType = sourcecode.c.h; path = BWColor.h; sourceTree = "<group>"; };
		DAADBF8114BCF751000F655E /* BWColor.m */ = {isa = PBXFileReference; fileEncoding = 4; lastKnownFileType = sourcecode.c.objc; path = BWColor.m; sourceTree = "<group>"; };
		DAADBF8314BDDDC3000F655E /* BWAwesome.h */ = {isa = PBXFileReference; fileEncoding = 4; lastKnownFileType = sourcecode.c.h; path = BWAwesome.h; sourceTree = "<group>"; };
		DAADBF8514BDEED8000F655E /* BWJobDetailViewController.h */ = {isa = PBXFileReference; fileEncoding = 4; lastKnownFileType = sourcecode.c.h; path = BWJobDetailViewController.h; sourceTree = "<group>"; };
		DAADBF8614BDEED8000F655E /* BWJobDetailViewController.m */ = {isa = PBXFileReference; fileEncoding = 4; lastKnownFileType = sourcecode.c.objc; path = BWJobDetailViewController.m; sourceTree = "<group>"; };
		DAADBF8B14BE3354000F655E /* QuartzCore.framework */ = {isa = PBXFileReference; lastKnownFileType = wrapper.framework; name = QuartzCore.framework; path = System/Library/Frameworks/QuartzCore.framework; sourceTree = SDKROOT; };
		DAADBF8D14BE46F5000F655E /* BWRepositoryDetailViewController.h */ = {isa = PBXFileReference; fileEncoding = 4; lastKnownFileType = sourcecode.c.h; path = BWRepositoryDetailViewController.h; sourceTree = "<group>"; };
		DAADBF8E14BE46F5000F655E /* BWRepositoryDetailViewController.m */ = {isa = PBXFileReference; fileEncoding = 4; lastKnownFileType = sourcecode.c.objc; path = BWRepositoryDetailViewController.m; sourceTree = "<group>"; };
		DAADBF9614BF3831000F655E /* BWBuildDetailViewController.h */ = {isa = PBXFileReference; fileEncoding = 4; lastKnownFileType = sourcecode.c.h; path = BWBuildDetailViewController.h; sourceTree = "<group>"; };
		DAADBF9714BF3831000F655E /* BWBuildDetailViewController.m */ = {isa = PBXFileReference; fileEncoding = 4; lastKnownFileType = sourcecode.c.objc; path = BWBuildDetailViewController.m; sourceTree = "<group>"; };
		DAC3873A14A1318500927334 /* NSDate+Formatting.h */ = {isa = PBXFileReference; fileEncoding = 4; lastKnownFileType = sourcecode.c.h; name = "NSDate+Formatting.h"; path = "DistanceOfTimeInWords/NSDate+Formatting.h"; sourceTree = "<group>"; };
		DAC3873B14A1318500927334 /* NSDate+Formatting.m */ = {isa = PBXFileReference; fileEncoding = 4; lastKnownFileType = sourcecode.c.objc; name = "NSDate+Formatting.m"; path = "DistanceOfTimeInWords/NSDate+Formatting.m"; sourceTree = "<group>"; };
		DAC3873D14A134BB00927334 /* NSDate_FormattingSpec.m */ = {isa = PBXFileReference; fileEncoding = 4; lastKnownFileType = sourcecode.c.objc; path = NSDate_FormattingSpec.m; sourceTree = "<group>"; };
/* End PBXFileReference section */

/* Begin PBXFrameworksBuildPhase section */
		DA966CF8149FAC3900C229CB /* Frameworks */ = {
			isa = PBXFrameworksBuildPhase;
			buildActionMask = 2147483647;
			files = (
				DA683C73149FC660000477AF /* libxml2.dylib in Frameworks */,
				DA683C71149FC657000477AF /* SystemConfiguration.framework in Frameworks */,
				DA683C6F149FC63B000477AF /* Security.framework in Frameworks */,
				DA683C6D149FC634000477AF /* MobileCoreServices.framework in Frameworks */,
				DA683C6B149FC627000477AF /* CFNetwork.framework in Frameworks */,
				DA683C69149FC604000477AF /* libRestKit.a in Frameworks */,
				DA966D00149FAC3900C229CB /* UIKit.framework in Frameworks */,
				DA966D02149FAC3900C229CB /* Foundation.framework in Frameworks */,
				DA966D04149FAC3900C229CB /* CoreGraphics.framework in Frameworks */,
				DA966D06149FAC3900C229CB /* CoreData.framework in Frameworks */,
			);
			runOnlyForDeploymentPostprocessing = 0;
		};
		DA966D23149FAC3900C229CB /* Frameworks */ = {
			isa = PBXFrameworksBuildPhase;
			buildActionMask = 2147483647;
			files = (
				DAADBF8C14BE3354000F655E /* QuartzCore.framework in Frameworks */,
				DA7C59AD14BCA5E300569F66 /* libxml2.dylib in Frameworks */,
				DA7C59AC14BCA26A00569F66 /* CoreGraphics.framework in Frameworks */,
				DA7C59AB14BCA25600569F66 /* Security.framework in Frameworks */,
				DA7C59AA14BCA24E00569F66 /* SystemConfiguration.framework in Frameworks */,
				DA7C59A914BCA24300569F66 /* MobileCoreServices.framework in Frameworks */,
				DA7C59A814BCA23A00569F66 /* CFNetwork.framework in Frameworks */,
				DA7C59A714BCA0F000569F66 /* libRestKit.a in Frameworks */,
				DA65E45B14A0F78E0066A7E4 /* libKiwi.a in Frameworks */,
				DA683D1614A0F258000477AF /* SenTestingKit.framework in Frameworks */,
				DA966D2A149FAC3900C229CB /* UIKit.framework in Frameworks */,
				DA966D2B149FAC3900C229CB /* Foundation.framework in Frameworks */,
				DA966D2C149FAC3900C229CB /* CoreData.framework in Frameworks */,
			);
			runOnlyForDeploymentPostprocessing = 0;
		};
/* End PBXFrameworksBuildPhase section */

/* Begin PBXGroup section */
		DA311A0C14B63CAA00F351C7 /* Pusher */ = {
			isa = PBXGroup;
			children = (
				DA703B6D14A26A9D00C6CF6C /* BWPusherHandler.h */,
				DA703B6E14A26A9D00C6CF6C /* BWPusherHandler.m */,
				DAA41BF514A5186200C97A37 /* BWCommandBuildStarted.h */,
				DAA41BF614A5186200C97A37 /* BWCommandBuildStarted.m */,
				DA311A0914B63CA200F351C7 /* BWCommandBuildFinished.h */,
				DA311A0A14B63CA200F351C7 /* BWCommandBuildFinished.m */,
			);
			name = Pusher;
			sourceTree = "<group>";
		};
		DA683C52149FC500000477AF /* Products */ = {
			isa = PBXGroup;
			children = (
				DA683C5C149FC501000477AF /* libRestKit.a */,
				DA683C5E149FC501000477AF /* RestKitTests.octest */,
				DA683C60149FC501000477AF /* RestKit.framework */,
				DA683C62149FC501000477AF /* RestKitFrameworkTests.octest */,
			);
			name = Products;
			sourceTree = "<group>";
		};
		DA683C66149FC520000477AF /* Vendor */ = {
			isa = PBXGroup;
			children = (
				DAA41BD514A3DE3600C97A37 /* AsyncSocket */,
				DAA41BD814A3DE3600C97A37 /* ZTWebSocket */,
				DAA41BAB14A3DDDB00C97A37 /* libPusher */,
				DAC3873914A1316C00927334 /* DistanceOfTimeInWords */,
				DA683C51149FC500000477AF /* RestKit.xcodeproj */,
			);
			name = Vendor;
			sourceTree = "<group>";
		};
		DA683C88149FEBE1000477AF /* Models */ = {
			isa = PBXGroup;
			children = (
				DA966D19149FAC3900C229CB /* TravisCI.xcdatamodeld */,
				DA703B7114A286C200C6CF6C /* Build */,
				DA703B7014A2788300C6CF6C /* Repository */,
				DA948D6114B79E0100360BA9 /* Job */,
				DA703B7514A2874B00C6CF6C /* BWPresenter.h */,
				DA703B7614A2874B00C6CF6C /* BWPresenter.m */,
				DA311A0D14B658D100F351C7 /* BWCDObjectMananger.h */,
				DA311A0E14B658D100F351C7 /* BWCDObjectMananger.m */,
			);
			name = Models;
			sourceTree = "<group>";
		};
		DA703B7014A2788300C6CF6C /* Repository */ = {
			isa = PBXGroup;
			children = (
				DA4D891F14C08934001869BE /* BWCDRepository.h */,
				DA4D892014C08934001869BE /* BWCDRepository.m */,
				DA65E45E14A11CF80066A7E4 /* BWRepository.h */,
				DA65E45F14A11CF80066A7E4 /* BWRepository.m */,
			);
			name = Repository;
			sourceTree = "<group>";
		};
		DA703B7114A286C200C6CF6C /* Build */ = {
			isa = PBXGroup;
			children = (
				DA703B7214A286D700C6CF6C /* BWBuild.h */,
				DA703B7314A286D700C6CF6C /* BWBuild.m */,
				DA8D7ACD14B606D5009A731B /* BWEmptyBuild.h */,
				DA8D7ACE14B606D5009A731B /* BWEmptyBuild.m */,
				DA7C599714BB9C9F00569F66 /* BWCDBuild.h */,
				DA7C599814BB9C9F00569F66 /* BWCDBuild.m */,
			);
			name = Build;
			sourceTree = "<group>";
		};
		DA7C59A014BC933D00569F66 /* Navigation */ = {
			isa = PBXGroup;
			children = (
				DA966D1C149FAC3900C229CB /* BWRepositoryListViewController.h */,
				DA966D1D149FAC3900C229CB /* BWRepositoryListViewController.m */,
				DA7C596414BB4F4500569F66 /* BWBuildListViewController.h */,
				DA7C596514BB4F4500569F66 /* BWBuildListViewController.m */,
				DA948D5B14B7920700360BA9 /* BWJobListViewController.h */,
				DA948D5C14B7920700360BA9 /* BWJobListViewController.m */,
			);
			name = Navigation;
			sourceTree = "<group>";
		};
		DA7C59A114BC9D7200569F66 /* core_ext */ = {
			isa = PBXGroup;
			children = (
				DA7C59A214BC9DB500569F66 /* NSDictionary+BWTravisCI.h */,
				DA7C59A314BC9DB500569F66 /* NSDictionary+BWTravisCI.m */,
			);
			name = core_ext;
			sourceTree = "<group>";
		};
		DA7C59AE14BCA60800569F66 /* Custom Cells */ = {
			isa = PBXGroup;
			children = (
				DAADBF7D14BCF44C000F655E /* BWTableViewCell.h */,
				DAADBF7E14BCF44C000F655E /* BWTableViewCell.m */,
				DA683C79149FDA7E000477AF /* BWRepositoryTableCell.h */,
				DA683C7A149FDA7E000477AF /* BWRepositoryTableCell.m */,
				DA683C7C149FDC4F000477AF /* BWRepositoryTableCell.xib */,
				DA948D6414B7A29700360BA9 /* BWJobTableCell.h */,
				DA948D6514B7A29800360BA9 /* BWJobTableCell.m */,
				DA948D6714B7A34D00360BA9 /* BWJobTableCell.xib */,
				DA4FAE9B14BCDB8A00F2E174 /* BWBuildTableCell.h */,
				DA4FAE9C14BCDB8A00F2E174 /* BWBuildTableCell.m */,
				DA4FAE9E14BCDBC200F2E174 /* BWBuildTableCell.xib */,
			);
			name = "Custom Cells";
			sourceTree = "<group>";
		};
		DA948D6114B79E0100360BA9 /* Job */ = {
			isa = PBXGroup;
			children = (
				DA548CFC14BCB5B9007580B4 /* BWCDJob.h */,
				DA548CFD14BCB5B9007580B4 /* BWCDJob.m */,
				DA948D5E14B79DF900360BA9 /* BWJob.h */,
				DA948D5F14B79DF900360BA9 /* BWJob.m */,
			);
			name = Job;
			sourceTree = "<group>";
		};
		DA966CF0149FAC3900C229CB = {
			isa = PBXGroup;
			children = (
				DAADBF8B14BE3354000F655E /* QuartzCore.framework */,
				DA65E45A14A0F78E0066A7E4 /* libKiwi.a */,
				DA966D07149FAC3900C229CB /* TravisCI */,
				DA966D2F149FAC3900C229CB /* TravisCITests */,
				DA966CFE149FAC3900C229CB /* Frameworks */,
				DA966CFC149FAC3900C229CB /* Products */,
				DA683C66149FC520000477AF /* Vendor */,
			);
			sourceTree = "<group>";
		};
		DA966CFC149FAC3900C229CB /* Products */ = {
			isa = PBXGroup;
			children = (
				DA966CFB149FAC3900C229CB /* TravisCI.app */,
				DA966D27149FAC3900C229CB /* TravisCITests.octest */,
			);
			name = Products;
			sourceTree = "<group>";
		};
		DA966CFE149FAC3900C229CB /* Frameworks */ = {
			isa = PBXGroup;
			children = (
				DA683D1514A0F258000477AF /* SenTestingKit.framework */,
				DA683C72149FC660000477AF /* libxml2.dylib */,
				DA683C70149FC657000477AF /* SystemConfiguration.framework */,
				DA683C6E149FC63B000477AF /* Security.framework */,
				DA683C6C149FC634000477AF /* MobileCoreServices.framework */,
				DA683C6A149FC627000477AF /* CFNetwork.framework */,
				DA966CFF149FAC3900C229CB /* UIKit.framework */,
				DA966D01149FAC3900C229CB /* Foundation.framework */,
				DA966D03149FAC3900C229CB /* CoreGraphics.framework */,
				DA966D05149FAC3900C229CB /* CoreData.framework */,
			);
			name = Frameworks;
			sourceTree = "<group>";
		};
		DA966D07149FAC3900C229CB /* TravisCI */ = {
			isa = PBXGroup;
			children = (
				DA7C59AE14BCA60800569F66 /* Custom Cells */,
				DA7C59A114BC9D7200569F66 /* core_ext */,
				DA683C88149FEBE1000477AF /* Models */,
				DA7C59A014BC933D00569F66 /* Navigation */,
				DAADBF8414BDEEA7000F655E /* Detail */,
				DA966D10149FAC3900C229CB /* BWAppDelegate.h */,
				DA966D11149FAC3900C229CB /* BWAppDelegate.m */,
				DA966D13149FAC3900C229CB /* MainStoryboard_iPhone.storyboard */,
				DA966D16149FAC3900C229CB /* MainStoryboard_iPad.storyboard */,
				DA966D08149FAC3900C229CB /* Supporting Files */,
				DA311A0C14B63CAA00F351C7 /* Pusher */,
				DAADBF8014BCF750000F655E /* BWColor.h */,
				DAADBF8114BCF751000F655E /* BWColor.m */,
				DAADBF8314BDDDC3000F655E /* BWAwesome.h */,
			);
			path = TravisCI;
			sourceTree = "<group>";
		};
		DA966D08149FAC3900C229CB /* Supporting Files */ = {
			isa = PBXGroup;
			children = (
				DAA41BE014A3E0A900C97A37 /* images */,
				DA966D09149FAC3900C229CB /* TravisCI-Info.plist */,
				DA966D0A149FAC3900C229CB /* InfoPlist.strings */,
				DA966D0D149FAC3900C229CB /* main.m */,
				DA966D0F149FAC3900C229CB /* TravisCI-Prefix.pch */,
			);
			name = "Supporting Files";
			sourceTree = "<group>";
		};
		DA966D2F149FAC3900C229CB /* TravisCITests */ = {
			isa = PBXGroup;
			children = (
				DA683CF414A0ED7B000477AF /* BWRepositorySpec.m */,
				DA966D30149FAC3900C229CB /* Supporting Files */,
				DAC3873D14A134BB00927334 /* NSDate_FormattingSpec.m */,
				DA7C59B014BCA65E00569F66 /* NSDictionary+BWTravisCISpec.m */,
			);
			path = TravisCITests;
			sourceTree = "<group>";
		};
		DA966D30149FAC3900C229CB /* Supporting Files */ = {
			isa = PBXGroup;
			children = (
				DA966D31149FAC3900C229CB /* TravisCITests-Info.plist */,
				DA966D32149FAC3900C229CB /* InfoPlist.strings */,
			);
			name = "Supporting Files";
			sourceTree = "<group>";
		};
		DAA41BAB14A3DDDB00C97A37 /* libPusher */ = {
			isa = PBXGroup;
			children = (
				DAA41BAC14A3DDDB00C97A37 /* NSDictionary+QueryString.h */,
				DAA41BAD14A3DDDB00C97A37 /* NSDictionary+QueryString.m */,
				DAA41BAE14A3DDDB00C97A37 /* NSString+Hashing.h */,
				DAA41BAF14A3DDDB00C97A37 /* NSString+Hashing.m */,
				DAA41BB014A3DDDB00C97A37 /* PTBlockEventListener.h */,
				DAA41BB114A3DDDB00C97A37 /* PTBlockEventListener.m */,
				DAA41BB214A3DDDB00C97A37 /* PTEventListener.h */,
				DAA41BB314A3DDDB00C97A37 /* PTPusher.h */,
				DAA41BB414A3DDDB00C97A37 /* PTPusher.m */,
				DAA41BB514A3DDDB00C97A37 /* PTPusherAPI.h */,
				DAA41BB614A3DDDB00C97A37 /* PTPusherAPI.m */,
				DAA41BB714A3DDDB00C97A37 /* PTPusherChannel.h */,
				DAA41BB814A3DDDB00C97A37 /* PTPusherChannel.m */,
				DAA41BB914A3DDDB00C97A37 /* PTPusherChannelAuthorizationOperation.h */,
				DAA41BBA14A3DDDB00C97A37 /* PTPusherChannelAuthorizationOperation.m */,
				DAA41BBB14A3DDDB00C97A37 /* PTPusherConnection.h */,
				DAA41BBC14A3DDDB00C97A37 /* PTPusherConnection.m */,
				DAA41BBD14A3DDDB00C97A37 /* PTPusherDelegate.h */,
				DAA41BBE14A3DDDB00C97A37 /* PTPusherErrors.h */,
				DAA41BBF14A3DDDB00C97A37 /* PTPusherEvent.h */,
				DAA41BC014A3DDDB00C97A37 /* PTPusherEvent.m */,
				DAA41BC114A3DDDB00C97A37 /* PTPusherEventDispatcher.h */,
				DAA41BC214A3DDDB00C97A37 /* PTPusherEventDispatcher.m */,
				DAA41BC314A3DDDB00C97A37 /* PTPusherEventPublisher.h */,
				DAA41BC414A3DDDB00C97A37 /* PTPusherPresenceChannelDelegate.h */,
				DAA41BC514A3DDDB00C97A37 /* PTTargetActionEventListener.h */,
				DAA41BC614A3DDDB00C97A37 /* PTTargetActionEventListener.m */,
				DAA41BC714A3DDDB00C97A37 /* PTURLRequestOperation.h */,
				DAA41BC814A3DDDB00C97A37 /* PTURLRequestOperation.m */,
			);
			name = libPusher;
			path = libPusher/Library;
			sourceTree = "<group>";
		};
		DAA41BD514A3DE3600C97A37 /* AsyncSocket */ = {
			isa = PBXGroup;
			children = (
				DAA41BD614A3DE3600C97A37 /* AsyncSocket.h */,
				DAA41BD714A3DE3600C97A37 /* AsyncSocket.m */,
			);
			name = AsyncSocket;
			path = libPusher/Vendor/AsyncSocket;
			sourceTree = "<group>";
		};
		DAA41BD814A3DE3600C97A37 /* ZTWebSocket */ = {
			isa = PBXGroup;
			children = (
				DAA41BD914A3DE3600C97A37 /* ZTWebSocket.h */,
				DAA41BDA14A3DE3600C97A37 /* ZTWebSocket.m */,
			);
			name = ZTWebSocket;
			path = libPusher/Vendor/ZTWebSocket;
			sourceTree = "<group>";
		};
		DAA41BE014A3E0A900C97A37 /* images */ = {
			isa = PBXGroup;
			children = (
				DAA3934B14BCD732007AFBD4 /* travis.background.png */,
				DAA41BE114A3E0BC00C97A37 /* Icon-72.png */,
				DAA41BE214A3E0BC00C97A37 /* Icon-Small-50.png */,
				DAA41BE314A3E0BC00C97A37 /* Icon-Small.png */,
				DAA41BE414A3E0BC00C97A37 /* Icon-Small@2x.png */,
				DAA41BE514A3E0BC00C97A37 /* icon.1000.png */,
				DAA41BE614A3E0BC00C97A37 /* Icon.png */,
				DAA41BE714A3E0BC00C97A37 /* Icon@2x.png */,
				DAA41BE814A3E0BC00C97A37 /* status_green.png */,
				DAA41BE914A3E0BC00C97A37 /* status_red.png */,
				DAA41BEA14A3E0BC00C97A37 /* status_yellow.png */,
			);
			name = images;
			sourceTree = "<group>";
		};
		DAADBF8414BDEEA7000F655E /* Detail */ = {
			isa = PBXGroup;
			children = (
				DA7EE4F014BF86A600FC7A8F /* BWDetailContainerViewController.h */,
				DA7EE4F114BF86A600FC7A8F /* BWDetailContainerViewController.m */,
				DA7EE4F314BF959600FC7A8F /* BWSplashScreenViewController.h */,
				DA7EE4F414BF959600FC7A8F /* BWSplashScreenViewController.m */,
				DAADBF8D14BE46F5000F655E /* BWRepositoryDetailViewController.h */,
				DAADBF8E14BE46F5000F655E /* BWRepositoryDetailViewController.m */,
				DAADBF9614BF3831000F655E /* BWBuildDetailViewController.h */,
				DAADBF9714BF3831000F655E /* BWBuildDetailViewController.m */,
				DAADBF8514BDEED8000F655E /* BWJobDetailViewController.h */,
				DAADBF8614BDEED8000F655E /* BWJobDetailViewController.m */,
			);
			name = Detail;
			sourceTree = "<group>";
		};
		DAC3873914A1316C00927334 /* DistanceOfTimeInWords */ = {
			isa = PBXGroup;
			children = (
				DAC3873A14A1318500927334 /* NSDate+Formatting.h */,
				DAC3873B14A1318500927334 /* NSDate+Formatting.m */,
			);
			name = DistanceOfTimeInWords;
			sourceTree = "<group>";
		};
/* End PBXGroup section */

/* Begin PBXNativeTarget section */
		DA966CFA149FAC3900C229CB /* TravisCI */ = {
			isa = PBXNativeTarget;
			buildConfigurationList = DA966D3A149FAC3900C229CB /* Build configuration list for PBXNativeTarget "TravisCI" */;
			buildPhases = (
				DA966CF7149FAC3900C229CB /* Sources */,
				DA966CF8149FAC3900C229CB /* Frameworks */,
				DA966CF9149FAC3900C229CB /* Resources */,
			);
			buildRules = (
			);
			dependencies = (
				DA683C68149FC5F2000477AF /* PBXTargetDependency */,
			);
			name = TravisCI;
			productName = TravisCI;
			productReference = DA966CFB149FAC3900C229CB /* TravisCI.app */;
			productType = "com.apple.product-type.application";
		};
		DA966D26149FAC3900C229CB /* TravisCITests */ = {
			isa = PBXNativeTarget;
			buildConfigurationList = DA966D3D149FAC3900C229CB /* Build configuration list for PBXNativeTarget "TravisCITests" */;
			buildPhases = (
				DA966D22149FAC3900C229CB /* Sources */,
				DA966D23149FAC3900C229CB /* Frameworks */,
				DA966D24149FAC3900C229CB /* Resources */,
				DA966D25149FAC3900C229CB /* ShellScript */,
			);
			buildRules = (
			);
			dependencies = (
				DA7C59A614BCA0EB00569F66 /* PBXTargetDependency */,
				DA966D2E149FAC3900C229CB /* PBXTargetDependency */,
			);
			name = TravisCITests;
			productName = TravisCITests;
			productReference = DA966D27149FAC3900C229CB /* TravisCITests.octest */;
			productType = "com.apple.product-type.bundle";
		};
/* End PBXNativeTarget section */

/* Begin PBXProject section */
		DA966CF2149FAC3900C229CB /* Project object */ = {
			isa = PBXProject;
			attributes = {
				LastUpgradeCheck = 0420;
				ORGANIZATIONNAME = Bendyworks;
			};
			buildConfigurationList = DA966CF5149FAC3900C229CB /* Build configuration list for PBXProject "TravisCI" */;
			compatibilityVersion = "Xcode 3.2";
			developmentRegion = English;
			hasScannedForEncodings = 0;
			knownRegions = (
				en,
			);
			mainGroup = DA966CF0149FAC3900C229CB;
			productRefGroup = DA966CFC149FAC3900C229CB /* Products */;
			projectDirPath = "";
			projectReferences = (
				{
					ProductGroup = DA683C52149FC500000477AF /* Products */;
					ProjectRef = DA683C51149FC500000477AF /* RestKit.xcodeproj */;
				},
			);
			projectRoot = "";
			targets = (
				DA966CFA149FAC3900C229CB /* TravisCI */,
				DA966D26149FAC3900C229CB /* TravisCITests */,
			);
		};
/* End PBXProject section */

/* Begin PBXReferenceProxy section */
		DA683C5C149FC501000477AF /* libRestKit.a */ = {
			isa = PBXReferenceProxy;
			fileType = archive.ar;
			path = libRestKit.a;
			remoteRef = DA683C5B149FC501000477AF /* PBXContainerItemProxy */;
			sourceTree = BUILT_PRODUCTS_DIR;
		};
		DA683C5E149FC501000477AF /* RestKitTests.octest */ = {
			isa = PBXReferenceProxy;
			fileType = wrapper.cfbundle;
			path = RestKitTests.octest;
			remoteRef = DA683C5D149FC501000477AF /* PBXContainerItemProxy */;
			sourceTree = BUILT_PRODUCTS_DIR;
		};
		DA683C60149FC501000477AF /* RestKit.framework */ = {
			isa = PBXReferenceProxy;
			fileType = wrapper.framework;
			path = RestKit.framework;
			remoteRef = DA683C5F149FC501000477AF /* PBXContainerItemProxy */;
			sourceTree = BUILT_PRODUCTS_DIR;
		};
		DA683C62149FC501000477AF /* RestKitFrameworkTests.octest */ = {
			isa = PBXReferenceProxy;
			fileType = wrapper.cfbundle;
			path = RestKitFrameworkTests.octest;
			remoteRef = DA683C61149FC501000477AF /* PBXContainerItemProxy */;
			sourceTree = BUILT_PRODUCTS_DIR;
		};
/* End PBXReferenceProxy section */

/* Begin PBXResourcesBuildPhase section */
		DA966CF9149FAC3900C229CB /* Resources */ = {
			isa = PBXResourcesBuildPhase;
			buildActionMask = 2147483647;
			files = (
				DA966D0C149FAC3900C229CB /* InfoPlist.strings in Resources */,
				DA966D15149FAC3900C229CB /* MainStoryboard_iPhone.storyboard in Resources */,
				DA966D18149FAC3900C229CB /* MainStoryboard_iPad.storyboard in Resources */,
				DA683C7D149FDC4F000477AF /* BWRepositoryTableCell.xib in Resources */,
				DAA41BEB14A3E0BC00C97A37 /* Icon-72.png in Resources */,
				DAA41BEC14A3E0BC00C97A37 /* Icon-Small-50.png in Resources */,
				DAA41BED14A3E0BC00C97A37 /* Icon-Small.png in Resources */,
				DAA41BEE14A3E0BC00C97A37 /* Icon-Small@2x.png in Resources */,
				DAA41BEF14A3E0BC00C97A37 /* icon.1000.png in Resources */,
				DAA41BF014A3E0BC00C97A37 /* Icon.png in Resources */,
				DAA41BF114A3E0BC00C97A37 /* Icon@2x.png in Resources */,
				DAA41BF214A3E0BC00C97A37 /* status_green.png in Resources */,
				DAA41BF314A3E0BC00C97A37 /* status_red.png in Resources */,
				DAA41BF414A3E0BC00C97A37 /* status_yellow.png in Resources */,
				DA948D6814B7A34D00360BA9 /* BWJobTableCell.xib in Resources */,
				DAA3934C14BCD732007AFBD4 /* travis.background.png in Resources */,
				DA4FAE9F14BCDBC200F2E174 /* BWBuildTableCell.xib in Resources */,
			);
			runOnlyForDeploymentPostprocessing = 0;
		};
		DA966D24149FAC3900C229CB /* Resources */ = {
			isa = PBXResourcesBuildPhase;
			buildActionMask = 2147483647;
			files = (
				DA966D34149FAC3900C229CB /* InfoPlist.strings in Resources */,
			);
			runOnlyForDeploymentPostprocessing = 0;
		};
/* End PBXResourcesBuildPhase section */

/* Begin PBXShellScriptBuildPhase section */
		DA966D25149FAC3900C229CB /* ShellScript */ = {
			isa = PBXShellScriptBuildPhase;
			buildActionMask = 2147483647;
			files = (
			);
			inputPaths = (
			);
			outputPaths = (
			);
			runOnlyForDeploymentPostprocessing = 0;
			shellPath = /bin/sh;
			shellScript = "# Run the unit tests in this test bundle.\n\"${SYSTEM_DEVELOPER_DIR}/Tools/RunUnitTests\"\n";
		};
/* End PBXShellScriptBuildPhase section */

/* Begin PBXSourcesBuildPhase section */
		DA966CF7149FAC3900C229CB /* Sources */ = {
			isa = PBXSourcesBuildPhase;
			buildActionMask = 2147483647;
			files = (
				DA966D0E149FAC3900C229CB /* main.m in Sources */,
				DA966D12149FAC3900C229CB /* BWAppDelegate.m in Sources */,
				DA966D1B149FAC3900C229CB /* TravisCI.xcdatamodeld in Sources */,
				DA966D1E149FAC3900C229CB /* BWRepositoryListViewController.m in Sources */,
				DA683C7B149FDA7E000477AF /* BWRepositoryTableCell.m in Sources */,
				DA65E46014A11CF80066A7E4 /* BWRepository.m in Sources */,
				DAC3873C14A1318500927334 /* NSDate+Formatting.m in Sources */,
				DA703B6F14A26A9D00C6CF6C /* BWPusherHandler.m in Sources */,
				DA703B7414A286D700C6CF6C /* BWBuild.m in Sources */,
				DA703B7714A2874B00C6CF6C /* BWPresenter.m in Sources */,
				DAA41BC914A3DDDB00C97A37 /* NSDictionary+QueryString.m in Sources */,
				DAA41BCA14A3DDDB00C97A37 /* NSString+Hashing.m in Sources */,
				DAA41BCB14A3DDDB00C97A37 /* PTBlockEventListener.m in Sources */,
				DAA41BCC14A3DDDB00C97A37 /* PTPusher.m in Sources */,
				DAA41BCD14A3DDDB00C97A37 /* PTPusherAPI.m in Sources */,
				DAA41BCE14A3DDDB00C97A37 /* PTPusherChannel.m in Sources */,
				DAA41BCF14A3DDDB00C97A37 /* PTPusherChannelAuthorizationOperation.m in Sources */,
				DAA41BD014A3DDDB00C97A37 /* PTPusherConnection.m in Sources */,
				DAA41BD114A3DDDB00C97A37 /* PTPusherEvent.m in Sources */,
				DAA41BD214A3DDDB00C97A37 /* PTPusherEventDispatcher.m in Sources */,
				DAA41BD314A3DDDB00C97A37 /* PTTargetActionEventListener.m in Sources */,
				DAA41BD414A3DDDB00C97A37 /* PTURLRequestOperation.m in Sources */,
				DAA41BDB14A3DE3600C97A37 /* AsyncSocket.m in Sources */,
				DAA41BDC14A3DE3600C97A37 /* ZTWebSocket.m in Sources */,
				DAA41BF714A5186200C97A37 /* BWCommandBuildStarted.m in Sources */,
				DA8D7ACF14B606D5009A731B /* BWEmptyBuild.m in Sources */,
				DA311A0B14B63CA200F351C7 /* BWCommandBuildFinished.m in Sources */,
				DA311A0F14B658D100F351C7 /* BWCDObjectMananger.m in Sources */,
				DA948D5D14B7920700360BA9 /* BWJobListViewController.m in Sources */,
				DA948D6014B79DF900360BA9 /* BWJob.m in Sources */,
				DA948D6614B7A29800360BA9 /* BWJobTableCell.m in Sources */,
				DA7C596614BB4F4500569F66 /* BWBuildListViewController.m in Sources */,
				DA7C599914BB9CA000569F66 /* BWCDBuild.m in Sources */,
				DA7C59A414BC9DB500569F66 /* NSDictionary+BWTravisCI.m in Sources */,
				DA548CFE14BCB5B9007580B4 /* BWCDJob.m in Sources */,
				DA4FAE9D14BCDB8A00F2E174 /* BWBuildTableCell.m in Sources */,
				DAADBF7F14BCF44C000F655E /* BWTableViewCell.m in Sources */,
				DAADBF8214BCF751000F655E /* BWColor.m in Sources */,
				DAADBF8714BDEED8000F655E /* BWJobDetailViewController.m in Sources */,
				DAADBF8F14BE46F5000F655E /* BWRepositoryDetailViewController.m in Sources */,
				DAADBF9814BF3831000F655E /* BWBuildDetailViewController.m in Sources */,
				DA7EE4F214BF86A600FC7A8F /* BWDetailContainerViewController.m in Sources */,
				DA7EE4F514BF959600FC7A8F /* BWSplashScreenViewController.m in Sources */,
				DA4D892114C08934001869BE /* BWCDRepository.m in Sources */,
			);
			runOnlyForDeploymentPostprocessing = 0;
		};
		DA966D22149FAC3900C229CB /* Sources */ = {
			isa = PBXSourcesBuildPhase;
			buildActionMask = 2147483647;
			files = (
				DA683CF514A0ED7B000477AF /* BWRepositorySpec.m in Sources */,
				DAC3873E14A134BB00927334 /* NSDate_FormattingSpec.m in Sources */,
				DA7C59B114BCA65E00569F66 /* NSDictionary+BWTravisCISpec.m in Sources */,
			);
			runOnlyForDeploymentPostprocessing = 0;
		};
/* End PBXSourcesBuildPhase section */

/* Begin PBXTargetDependency section */
		DA683C68149FC5F2000477AF /* PBXTargetDependency */ = {
			isa = PBXTargetDependency;
			name = RestKit;
			targetProxy = DA683C67149FC5F2000477AF /* PBXContainerItemProxy */;
		};
		DA7C59A614BCA0EB00569F66 /* PBXTargetDependency */ = {
			isa = PBXTargetDependency;
			name = RestKit;
			targetProxy = DA7C59A514BCA0EB00569F66 /* PBXContainerItemProxy */;
		};
		DA966D2E149FAC3900C229CB /* PBXTargetDependency */ = {
			isa = PBXTargetDependency;
			target = DA966CFA149FAC3900C229CB /* TravisCI */;
			targetProxy = DA966D2D149FAC3900C229CB /* PBXContainerItemProxy */;
		};
/* End PBXTargetDependency section */

/* Begin PBXVariantGroup section */
		DA966D0A149FAC3900C229CB /* InfoPlist.strings */ = {
			isa = PBXVariantGroup;
			children = (
				DA966D0B149FAC3900C229CB /* en */,
			);
			name = InfoPlist.strings;
			sourceTree = "<group>";
		};
		DA966D13149FAC3900C229CB /* MainStoryboard_iPhone.storyboard */ = {
			isa = PBXVariantGroup;
			children = (
				DA966D14149FAC3900C229CB /* en */,
			);
			name = MainStoryboard_iPhone.storyboard;
			sourceTree = "<group>";
		};
		DA966D16149FAC3900C229CB /* MainStoryboard_iPad.storyboard */ = {
			isa = PBXVariantGroup;
			children = (
				DA966D17149FAC3900C229CB /* en */,
			);
			name = MainStoryboard_iPad.storyboard;
			sourceTree = "<group>";
		};
		DA966D32149FAC3900C229CB /* InfoPlist.strings */ = {
			isa = PBXVariantGroup;
			children = (
				DA966D33149FAC3900C229CB /* en */,
			);
			name = InfoPlist.strings;
			sourceTree = "<group>";
		};
/* End PBXVariantGroup section */

/* Begin XCBuildConfiguration section */
		DA966D38149FAC3900C229CB /* Debug */ = {
			isa = XCBuildConfiguration;
			buildSettings = {
				ALWAYS_SEARCH_USER_PATHS = NO;
				ARCHS = "$(ARCHS_STANDARD_32_BIT)";
				CLANG_ENABLE_OBJC_ARC = YES;
				"CODE_SIGN_IDENTITY[sdk=iphoneos*]" = "iPhone Developer";
				COPY_PHASE_STRIP = NO;
				GCC_C_LANGUAGE_STANDARD = gnu99;
				GCC_DYNAMIC_NO_PIC = NO;
				GCC_OPTIMIZATION_LEVEL = 0;
				GCC_PREPROCESSOR_DEFINITIONS = (
					"DEBUG=1",
					"$(inherited)",
				);
				GCC_SYMBOLS_PRIVATE_EXTERN = NO;
				GCC_VERSION = com.apple.compilers.llvm.clang.1_0;
				GCC_WARN_ABOUT_MISSING_PROTOTYPES = YES;
				GCC_WARN_ABOUT_RETURN_TYPE = YES;
				GCC_WARN_UNUSED_VARIABLE = YES;
				HEADER_SEARCH_PATHS = "$(SOURCE_ROOT)/libPusher/Library";
				IPHONEOS_DEPLOYMENT_TARGET = 5.0;
				ONLY_ACTIVE_ARCH = YES;
				OTHER_LDFLAGS = (
					"-all_load",
					"-ObjC",
				);
				SDKROOT = iphoneos;
				TARGETED_DEVICE_FAMILY = "1,2";
			};
			name = Debug;
		};
		DA966D39149FAC3900C229CB /* Release */ = {
			isa = XCBuildConfiguration;
			buildSettings = {
				ALWAYS_SEARCH_USER_PATHS = NO;
				ARCHS = "$(ARCHS_STANDARD_32_BIT)";
				CLANG_ENABLE_OBJC_ARC = YES;
				"CODE_SIGN_IDENTITY[sdk=iphoneos*]" = "iPhone Developer";
				COPY_PHASE_STRIP = YES;
				GCC_C_LANGUAGE_STANDARD = gnu99;
				GCC_VERSION = com.apple.compilers.llvm.clang.1_0;
				GCC_WARN_ABOUT_MISSING_PROTOTYPES = YES;
				GCC_WARN_ABOUT_RETURN_TYPE = YES;
				GCC_WARN_UNUSED_VARIABLE = YES;
				HEADER_SEARCH_PATHS = "$(SOURCE_ROOT)/libPusher/Library";
				IPHONEOS_DEPLOYMENT_TARGET = 5.0;
				ONLY_ACTIVE_ARCH = YES;
				OTHER_CFLAGS = "-DNS_BLOCK_ASSERTIONS=1";
				OTHER_LDFLAGS = (
					"-all_load",
					"-ObjC",
				);
				SDKROOT = iphoneos;
				TARGETED_DEVICE_FAMILY = "1,2";
				VALIDATE_PRODUCT = YES;
			};
			name = Release;
		};
		DA966D3B149FAC3900C229CB /* Debug */ = {
			isa = XCBuildConfiguration;
			buildSettings = {
				GCC_PRECOMPILE_PREFIX_HEADER = YES;
				GCC_PREFIX_HEADER = "TravisCI/TravisCI-Prefix.pch";
				HEADER_SEARCH_PATHS = (
					"$(SOURCE_ROOT)/libPusher/Vendor/ZTWebSocket",
					"$(SOURCE_ROOT)/libPusher/Library",
					"\"$(SOURCE_ROOT)/RestKit/Build\"",
				);
				INFOPLIST_FILE = "TravisCI/TravisCI-Info.plist";
				LIBRARY_SEARCH_PATHS = "$(SOURCE_ROOT)/libPusher/build/**";
				ONLY_ACTIVE_ARCH = NO;
				OTHER_LDFLAGS = (
					"-ObjC",
					"-all_load",
				);
				PRODUCT_NAME = "$(TARGET_NAME)";
				WRAPPER_EXTENSION = app;
			};
			name = Debug;
		};
		DA966D3C149FAC3900C229CB /* Release */ = {
			isa = XCBuildConfiguration;
			buildSettings = {
				GCC_PRECOMPILE_PREFIX_HEADER = YES;
				GCC_PREFIX_HEADER = "TravisCI/TravisCI-Prefix.pch";
				HEADER_SEARCH_PATHS = (
					"$(SOURCE_ROOT)/libPusher/Vendor/ZTWebSocket",
					"$(SOURCE_ROOT)/libPusher/Library",
					"\"$(SOURCE_ROOT)/RestKit/Build\"",
				);
				INFOPLIST_FILE = "TravisCI/TravisCI-Info.plist";
				LIBRARY_SEARCH_PATHS = "$(SOURCE_ROOT)/libPusher/build/**";
				ONLY_ACTIVE_ARCH = NO;
				OTHER_LDFLAGS = (
					"-ObjC",
					"-all_load",
				);
				PRODUCT_NAME = "$(TARGET_NAME)";
				WRAPPER_EXTENSION = app;
			};
			name = Release;
		};
		DA966D3E149FAC3900C229CB /* Debug */ = {
			isa = XCBuildConfiguration;
			buildSettings = {
				ALWAYS_SEARCH_USER_PATHS = NO;
				BUILD_VARIANTS = normal;
				BUNDLE_LOADER = "$(BUILT_PRODUCTS_DIR)/TravisCI.app/TravisCI";
				FRAMEWORK_SEARCH_PATHS = (
					"$(SDKROOT)/Developer/Library/Frameworks",
					"$(DEVELOPER_LIBRARY_DIR)/Frameworks",
				);
				GCC_PRECOMPILE_PREFIX_HEADER = YES;
				GCC_PREFIX_HEADER = "TravisCI/TravisCI-Prefix.pch";
				HEADER_SEARCH_PATHS = (
					"$(SOURCE_ROOT)/libPusher/Vendor/ZTWebSocket",
					"$(SOURCE_ROOT)/libPusher/Library",
					"\"$(SOURCE_ROOT)/RestKit/Build\"",
					/Users/bendyworks/dev/ios/Kiwi/Kiwi,
				);
				INFOPLIST_FILE = "TravisCITests/TravisCITests-Info.plist";
				LIBRARY_SEARCH_PATHS = (
					"$(inherited)",
					"\"$(SRCROOT)/../Kiwi/build/Debug-iphonesimulator\"",
				);
				ONLY_ACTIVE_ARCH = YES;
				OTHER_LDFLAGS = "-all_load";
				PRODUCT_NAME = "$(TARGET_NAME)";
				TEST_HOST = "$(BUNDLE_LOADER)";
				USER_HEADER_SEARCH_PATHS = "";
				WRAPPER_EXTENSION = octest;
			};
			name = Debug;
		};
		DA966D3F149FAC3900C229CB /* Release */ = {
			isa = XCBuildConfiguration;
			buildSettings = {
				ALWAYS_SEARCH_USER_PATHS = NO;
				BUILD_VARIANTS = normal;
				BUNDLE_LOADER = "$(BUILT_PRODUCTS_DIR)/TravisCI.app/TravisCI";
				FRAMEWORK_SEARCH_PATHS = (
					"$(SDKROOT)/Developer/Library/Frameworks",
					"$(DEVELOPER_LIBRARY_DIR)/Frameworks",
				);
				GCC_PRECOMPILE_PREFIX_HEADER = YES;
				GCC_PREFIX_HEADER = "TravisCI/TravisCI-Prefix.pch";
				HEADER_SEARCH_PATHS = (
					"$(SOURCE_ROOT)/libPusher/Vendor/ZTWebSocket",
					"$(SOURCE_ROOT)/libPusher/Library",
					"\"$(SOURCE_ROOT)/RestKit/Build\"",
					/Users/bendyworks/dev/ios/Kiwi/Kiwi,
				);
				INFOPLIST_FILE = "TravisCITests/TravisCITests-Info.plist";
				LIBRARY_SEARCH_PATHS = (
					"$(inherited)",
					"\"$(SRCROOT)/../Kiwi/build/Debug-iphonesimulator\"",
				);
				ONLY_ACTIVE_ARCH = YES;
				OTHER_LDFLAGS = "-all_load";
				PRODUCT_NAME = "$(TARGET_NAME)";
				TEST_HOST = "$(BUNDLE_LOADER)";
				USER_HEADER_SEARCH_PATHS = "";
				WRAPPER_EXTENSION = octest;
			};
			name = Release;
		};
		DAA41BDD14A3DEB900C97A37 /* Ad Hoc */ = {
			isa = XCBuildConfiguration;
			buildSettings = {
				ALWAYS_SEARCH_USER_PATHS = NO;
				ARCHS = "$(ARCHS_STANDARD_32_BIT)";
				CLANG_ENABLE_OBJC_ARC = YES;
				"CODE_SIGN_IDENTITY[sdk=iphoneos*]" = "iPhone Developer";
				COPY_PHASE_STRIP = YES;
				GCC_C_LANGUAGE_STANDARD = gnu99;
				GCC_VERSION = com.apple.compilers.llvm.clang.1_0;
				GCC_WARN_ABOUT_MISSING_PROTOTYPES = YES;
				GCC_WARN_ABOUT_RETURN_TYPE = YES;
				GCC_WARN_UNUSED_VARIABLE = YES;
				HEADER_SEARCH_PATHS = "$(SOURCE_ROOT)/libPusher/Library";
				IPHONEOS_DEPLOYMENT_TARGET = 5.0;
				ONLY_ACTIVE_ARCH = YES;
				OTHER_CFLAGS = "-DNS_BLOCK_ASSERTIONS=1";
				OTHER_LDFLAGS = (
					"-all_load",
					"-ObjC",
				);
				SDKROOT = iphoneos;
				TARGETED_DEVICE_FAMILY = "1,2";
				VALIDATE_PRODUCT = YES;
			};
			name = "Ad Hoc";
		};
		DAA41BDE14A3DEB900C97A37 /* Ad Hoc */ = {
			isa = XCBuildConfiguration;
			buildSettings = {
				GCC_PRECOMPILE_PREFIX_HEADER = YES;
				GCC_PREFIX_HEADER = "TravisCI/TravisCI-Prefix.pch";
				HEADER_SEARCH_PATHS = (
					"$(SOURCE_ROOT)/libPusher/Vendor/ZTWebSocket",
					"$(SOURCE_ROOT)/libPusher/Library",
					"\"$(SOURCE_ROOT)/RestKit/Build\"",
				);
				INFOPLIST_FILE = "TravisCI/TravisCI-Info.plist";
				LIBRARY_SEARCH_PATHS = "$(SOURCE_ROOT)/libPusher/build/**";
				ONLY_ACTIVE_ARCH = NO;
				OTHER_LDFLAGS = (
					"-ObjC",
					"-all_load",
				);
				PRODUCT_NAME = "$(TARGET_NAME)";
				WRAPPER_EXTENSION = app;
			};
			name = "Ad Hoc";
		};
		DAA41BDF14A3DEB900C97A37 /* Ad Hoc */ = {
			isa = XCBuildConfiguration;
			buildSettings = {
				ALWAYS_SEARCH_USER_PATHS = NO;
				BUILD_VARIANTS = normal;
				BUNDLE_LOADER = "$(BUILT_PRODUCTS_DIR)/TravisCI.app/TravisCI";
				FRAMEWORK_SEARCH_PATHS = (
					"$(SDKROOT)/Developer/Library/Frameworks",
					"$(DEVELOPER_LIBRARY_DIR)/Frameworks",
				);
				GCC_PRECOMPILE_PREFIX_HEADER = YES;
				GCC_PREFIX_HEADER = "TravisCI/TravisCI-Prefix.pch";
				HEADER_SEARCH_PATHS = (
					"$(SOURCE_ROOT)/libPusher/Vendor/ZTWebSocket",
					"$(SOURCE_ROOT)/libPusher/Library",
					"\"$(SOURCE_ROOT)/RestKit/Build\"",
					/Users/bendyworks/dev/ios/Kiwi/Kiwi,
				);
				INFOPLIST_FILE = "TravisCITests/TravisCITests-Info.plist";
				LIBRARY_SEARCH_PATHS = (
					"$(inherited)",
					"\"$(SRCROOT)/../Kiwi/build/Debug-iphonesimulator\"",
				);
				ONLY_ACTIVE_ARCH = YES;
				OTHER_LDFLAGS = "-all_load";
				PRODUCT_NAME = "$(TARGET_NAME)";
				TEST_HOST = "$(BUNDLE_LOADER)";
				USER_HEADER_SEARCH_PATHS = "";
				WRAPPER_EXTENSION = octest;
			};
			name = "Ad Hoc";
		};
/* End XCBuildConfiguration section */

/* Begin XCConfigurationList section */
		DA966CF5149FAC3900C229CB /* Build configuration list for PBXProject "TravisCI" */ = {
			isa = XCConfigurationList;
			buildConfigurations = (
				DA966D38149FAC3900C229CB /* Debug */,
				DA966D39149FAC3900C229CB /* Release */,
				DAA41BDD14A3DEB900C97A37 /* Ad Hoc */,
			);
			defaultConfigurationIsVisible = 0;
			defaultConfigurationName = Release;
		};
		DA966D3A149FAC3900C229CB /* Build configuration list for PBXNativeTarget "TravisCI" */ = {
			isa = XCConfigurationList;
			buildConfigurations = (
				DA966D3B149FAC3900C229CB /* Debug */,
				DA966D3C149FAC3900C229CB /* Release */,
				DAA41BDE14A3DEB900C97A37 /* Ad Hoc */,
			);
			defaultConfigurationIsVisible = 0;
			defaultConfigurationName = Release;
		};
		DA966D3D149FAC3900C229CB /* Build configuration list for PBXNativeTarget "TravisCITests" */ = {
			isa = XCConfigurationList;
			buildConfigurations = (
				DA966D3E149FAC3900C229CB /* Debug */,
				DA966D3F149FAC3900C229CB /* Release */,
				DAA41BDF14A3DEB900C97A37 /* Ad Hoc */,
			);
			defaultConfigurationIsVisible = 0;
			defaultConfigurationName = Release;
		};
/* End XCConfigurationList section */

/* Begin XCVersionGroup section */
		DA966D19149FAC3900C229CB /* TravisCI.xcdatamodeld */ = {
			isa = XCVersionGroup;
			children = (
				DA966D1A149FAC3900C229CB /* TravisCI.xcdatamodel */,
			);
			currentVersion = DA966D1A149FAC3900C229CB /* TravisCI.xcdatamodel */;
			path = TravisCI.xcdatamodeld;
			sourceTree = "<group>";
			versionGroupType = wrapper.xcdatamodel;
		};
/* End XCVersionGroup section */
	};
	rootObject = DA966CF2149FAC3900C229CB /* Project object */;
}
